<?xml version="1.0" encoding="utf-8"?>
<Project ToolsVersion="4.0" xmlns="http://schemas.microsoft.com/developer/msbuild/2003">
  <ItemGroup>
    <Filter Include="Source Files">
      <UniqueIdentifier>{4FC737F1-C7A5-4376-A066-2A32D752A2FF}</UniqueIdentifier>
      <Extensions>h;hh;hpp;hxx;hm;inl;inc;xsd;cpp;c;cc;cxx;def;odl;idl;hpj;bat;asm;asmx</Extensions>
    </Filter>
    <Filter Include="Resource Files">
      <UniqueIdentifier>{67DA6AB6-F800-4c08-8B7A-83BB121AAD01}</UniqueIdentifier>
      <Extensions>rc;ico;cur;bmp;dlg;rc2;rct;bin;rgs;gif;jpg;jpeg;jpe;resx;tiff;tif;png;wav;mfcribbon-ms</Extensions>
    </Filter>
    <Filter Include="utl">
      <UniqueIdentifier>{d38ded75-f931-46b5-946b-d748d5cc9d7e}</UniqueIdentifier>
    </Filter>
    <Filter Include="utl\File System">
      <UniqueIdentifier>{f79bb196-8c2a-4f5f-8c61-122350cd8913}</UniqueIdentifier>
    </Filter>
    <Filter Include="utl-UI">
      <UniqueIdentifier>{61186fd2-c4b4-47e0-a20b-730dd0c6e32e}</UniqueIdentifier>
    </Filter>
    <Filter Include="utl-UI\Shell %28Explorer API%29">
      <UniqueIdentifier>{b530b84d-3d32-4f43-a00b-3bf7ac6592a8}</UniqueIdentifier>
    </Filter>
    <Filter Include="utl-UI\Drag and Drop %28OLE%29">
      <UniqueIdentifier>{e524d267-e1cc-448d-b600-668002f0c086}</UniqueIdentifier>
    </Filter>
    <Filter Include="utl-UI\Imaging">
      <UniqueIdentifier>{13069f16-0c88-4408-85f8-7d098b146615}</UniqueIdentifier>
    </Filter>
    <Filter Include="utl-UnitTest">
      <UniqueIdentifier>{024ac24f-2026-4af9-8be8-1b2e0e607b41}</UniqueIdentifier>
    </Filter>
    <Filter Include="utl-UI\Layout">
      <UniqueIdentifier>{ad125ca0-fe7d-4418-b9ee-313a62cd1873}</UniqueIdentifier>
    </Filter>
  </ItemGroup>
  <ItemGroup>
    <ClInclude Include="stdafx.h">
      <Filter>Source Files</Filter>
    </ClInclude>
    <ClInclude Include="targetver.h">
      <Filter>Source Files</Filter>
    </ClInclude>
    <ClInclude Include="AboutBox.h">
      <Filter>utl-UI</Filter>
    </ClInclude>
    <ClInclude Include="AccelTable.h">
      <Filter>utl-UI</Filter>
    </ClInclude>
    <ClInclude Include="BaseApp.h">
      <Filter>utl-UI</Filter>
    </ClInclude>
    <ClInclude Include="BaseApp.hxx">
      <Filter>utl-UI</Filter>
    </ClInclude>
    <ClInclude Include="BaseDetailHostCtrl.h">
      <Filter>utl-UI</Filter>
    </ClInclude>
    <ClInclude Include="BaseMainDialog.h">
      <Filter>utl-UI</Filter>
    </ClInclude>
    <ClInclude Include="BasePopupDialog.h">
      <Filter>utl-UI</Filter>
    </ClInclude>
    <ClInclude Include="BaseSplitButton.h">
      <Filter>utl-UI</Filter>
    </ClInclude>
    <ClInclude Include="BaseStatic.h">
      <Filter>utl-UI</Filter>
    </ClInclude>
    <ClInclude Include="BaseToolbar.h">
      <Filter>utl-UI</Filter>
    </ClInclude>
    <ClInclude Include="CmdInfoStore.h">
      <Filter>utl-UI</Filter>
    </ClInclude>
    <ClInclude Include="CommonWinDefs.h">
      <Filter>utl-UI</Filter>
    </ClInclude>
    <ClInclude Include="CtrlUiState.h">
      <Filter>utl-UI</Filter>
    </ClInclude>
    <ClInclude Include="DesktopDC.h">
      <Filter>utl-UI</Filter>
    </ClInclude>
    <ClInclude Include="Dialog_fwd.h">
      <Filter>utl-UI</Filter>
    </ClInclude>
    <ClInclude Include="DialogToolBar.h">
      <Filter>utl-UI</Filter>
    </ClInclude>
    <ClInclude Include="EnumSplitButton.h">
      <Filter>utl-UI</Filter>
    </ClInclude>
    <ClInclude Include="GroupIcon.h">
      <Filter>utl-UI</Filter>
    </ClInclude>
    <ClInclude Include="HistoryComboBox.h">
      <Filter>utl-UI</Filter>
    </ClInclude>
    <ClInclude Include="IconButton.h">
      <Filter>utl-UI</Filter>
    </ClInclude>
    <ClInclude Include="InternalChange.h">
      <Filter>utl-UI</Filter>
    </ClInclude>
    <ClInclude Include="ItemContent.h">
      <Filter>utl-UI</Filter>
    </ClInclude>
    <ClInclude Include="ItemContentEdit.h">
      <Filter>utl-UI</Filter>
    </ClInclude>
    <ClInclude Include="ItemListDialog.h">
      <Filter>utl-UI</Filter>
    </ClInclude>
    <ClInclude Include="LogPalette.h">
      <Filter>utl-UI</Filter>
    </ClInclude>
    <ClInclude Include="MemoryDC.h">
      <Filter>utl-UI</Filter>
    </ClInclude>
    <ClInclude Include="MenuUtilities.h">
      <Filter>utl-UI</Filter>
    </ClInclude>
    <ClInclude Include="NumericEdit.h">
      <Filter>utl-UI</Filter>
    </ClInclude>
    <ClInclude Include="PopupSplitButton.h">
      <Filter>utl-UI</Filter>
    </ClInclude>
    <ClInclude Include="Registry.h">
      <Filter>utl-UI</Filter>
    </ClInclude>
    <ClInclude Include="ReportListControl.h">
      <Filter>utl-UI</Filter>
    </ClInclude>
    <ClInclude Include="ResourceData.h">
      <Filter>utl-UI</Filter>
    </ClInclude>
    <ClInclude Include="ScopedGdi.h">
      <Filter>utl-UI</Filter>
    </ClInclude>
    <ClInclude Include="SpinEdit.h">
      <Filter>utl-UI</Filter>
    </ClInclude>
    <ClInclude Include="SpinTargetButton.h">
      <Filter>utl-UI</Filter>
    </ClInclude>
    <ClInclude Include="SplitPushButton.h">
      <Filter>utl-UI</Filter>
    </ClInclude>
    <ClInclude Include="TextEdit.h">
      <Filter>utl-UI</Filter>
    </ClInclude>
    <ClInclude Include="Color.h">
      <Filter>utl</Filter>
    </ClInclude>
    <ClInclude Include="CommonDefs.h">
      <Filter>utl</Filter>
    </ClInclude>
    <ClInclude Include="ComparePredicates.h">
      <Filter>utl</Filter>
    </ClInclude>
    <ClInclude Include="ContainerUtilities.h">
      <Filter>utl</Filter>
    </ClInclude>
    <ClInclude Include="EnumTags.h">
      <Filter>utl</Filter>
    </ClInclude>
    <ClInclude Include="ISubject.h">
      <Filter>utl</Filter>
    </ClInclude>
    <ClInclude Include="Logger.h">
      <Filter>utl</Filter>
    </ClInclude>
    <ClInclude Include="Range.h">
      <Filter>utl</Filter>
    </ClInclude>
    <ClInclude Include="RuntimeException.h">
      <Filter>utl</Filter>
    </ClInclude>
    <ClInclude Include="ScopedValue.h">
      <Filter>utl</Filter>
    </ClInclude>
    <ClInclude Include="StdColors.h">
      <Filter>utl</Filter>
    </ClInclude>
    <ClInclude Include="StdStl.h">
      <Filter>utl</Filter>
    </ClInclude>
    <ClInclude Include="StringBase.h">
      <Filter>utl</Filter>
    </ClInclude>
    <ClInclude Include="StringUtilities.h">
      <Filter>utl</Filter>
    </ClInclude>
    <ClInclude Include="SubjectPredicates.h">
      <Filter>utl</Filter>
    </ClInclude>
    <ClInclude Include="TextFileParser.h">
      <Filter>utl</Filter>
    </ClInclude>
    <ClInclude Include="Timer.h">
      <Filter>utl</Filter>
    </ClInclude>
    <ClInclude Include="TokenIterator.h">
      <Filter>utl</Filter>
    </ClInclude>
    <ClInclude Include="ThemeItem.h">
      <Filter>utl-UI</Filter>
    </ClInclude>
    <ClInclude Include="ThemeStatic.h">
      <Filter>utl-UI</Filter>
    </ClInclude>
    <ClInclude Include="ToolStrip.h">
      <Filter>utl-UI</Filter>
    </ClInclude>
    <ClInclude Include="TooltipsHook.h">
      <Filter>utl-UI</Filter>
    </ClInclude>
    <ClInclude Include="TrackStatic.h">
      <Filter>utl-UI</Filter>
    </ClInclude>
    <ClInclude Include="TreeControl.h">
      <Filter>utl-UI</Filter>
    </ClInclude>
    <ClInclude Include="Utilities.h">
      <Filter>utl-UI</Filter>
    </ClInclude>
    <ClInclude Include="UtilitiesEx.h">
      <Filter>utl-UI</Filter>
    </ClInclude>
    <ClInclude Include="VersionInfo.h">
      <Filter>utl-UI</Filter>
    </ClInclude>
    <ClInclude Include="VisualTheme.h">
      <Filter>utl-UI</Filter>
    </ClInclude>
    <ClInclude Include="VisualThemeFallback.h">
      <Filter>utl-UI</Filter>
    </ClInclude>
    <ClInclude Include="vsstyle.h">
      <Filter>utl-UI</Filter>
    </ClInclude>
    <ClInclude Include="WindowHook.h">
      <Filter>utl-UI</Filter>
    </ClInclude>
    <ClInclude Include="WindowTimer.h">
      <Filter>utl-UI</Filter>
    </ClInclude>
    <ClInclude Include="GpUtilities.h">
      <Filter>utl-UI</Filter>
    </ClInclude>
    <ClInclude Include="resource.h">
      <Filter>Resource Files</Filter>
    </ClInclude>
    <ClInclude Include="BaseDetailHostCtrl.hxx">
      <Filter>utl-UI</Filter>
    </ClInclude>
    <ClInclude Include="ItemContentHistoryCombo.h">
      <Filter>utl-UI</Filter>
    </ClInclude>
    <ClInclude Include="MultiZone.h">
      <Filter>utl-UI</Filter>
    </ClInclude>
    <ClInclude Include="SampleView.h">
      <Filter>utl-UI</Filter>
    </ClInclude>
    <ClInclude Include="ScopedBitmapMemDC.h">
      <Filter>utl-UI</Filter>
    </ClInclude>
    <ClInclude Include="TextEditor.h">
      <Filter>utl-UI</Filter>
    </ClInclude>
    <ClInclude Include="ui_fwd.h">
      <Filter>utl-UI</Filter>
    </ClInclude>
    <ClInclude Include="FileSystem.h">
      <Filter>utl\File System</Filter>
    </ClInclude>
    <ClInclude Include="FlagTags.h">
      <Filter>utl</Filter>
    </ClInclude>
    <ClInclude Include="StructuredStorage.h">
      <Filter>utl-UI\Shell %28Explorer API%29</Filter>
    </ClInclude>
    <ClInclude Include="PathFormatter.h">
      <Filter>utl\File System</Filter>
    </ClInclude>
    <ClInclude Include="PathGenerator.h">
      <Filter>utl\File System</Filter>
    </ClInclude>
    <ClInclude Include="PathMaker.h">
      <Filter>utl\File System</Filter>
    </ClInclude>
    <ClInclude Include="Clipboard.h">
      <Filter>utl-UI\Drag and Drop %28OLE%29</Filter>
    </ClInclude>
    <ClInclude Include="OleDataSource.h">
      <Filter>utl-UI\Drag and Drop %28OLE%29</Filter>
    </ClInclude>
    <ClInclude Include="OleDragDrop_fwd.h">
      <Filter>utl-UI\Drag and Drop %28OLE%29</Filter>
    </ClInclude>
    <ClInclude Include="OleDropSource.h">
      <Filter>utl-UI\Drag and Drop %28OLE%29</Filter>
    </ClInclude>
    <ClInclude Include="OleDropTarget.h">
      <Filter>utl-UI\Drag and Drop %28OLE%29</Filter>
    </ClInclude>
    <ClInclude Include="OleUtils.h">
      <Filter>utl-UI\Drag and Drop %28OLE%29</Filter>
    </ClInclude>
    <ClInclude Include="Shell_fwd.h">
      <Filter>utl-UI\Shell %28Explorer API%29</Filter>
    </ClInclude>
    <ClInclude Include="ShellDragImager.h">
      <Filter>utl-UI\Shell %28Explorer API%29</Filter>
    </ClInclude>
    <ClInclude Include="ShellDropTip.h">
      <Filter>utl-UI\Shell %28Explorer API%29</Filter>
    </ClInclude>
    <ClInclude Include="ShellFileDialog.h">
      <Filter>utl-UI\Shell %28Explorer API%29</Filter>
    </ClInclude>
    <ClInclude Include="WinExplorer.h">
      <Filter>utl-UI\Shell %28Explorer API%29</Filter>
    </ClInclude>
    <ClInclude Include="FlexPath.h">
      <Filter>utl\File System</Filter>
    </ClInclude>
    <ClInclude Include="UserReport.h">
      <Filter>utl-UI</Filter>
    </ClInclude>
    <ClInclude Include="MfcUtilities.h">
      <Filter>utl-UI</Filter>
    </ClInclude>
    <ClInclude Include="ImagePathKey.h">
      <Filter>utl-UI\Imaging</Filter>
    </ClInclude>
    <ClInclude Include="DibDraw.h">
      <Filter>utl-UI\Imaging</Filter>
    </ClInclude>
    <ClInclude Include="DibPixels.h">
      <Filter>utl-UI\Imaging</Filter>
    </ClInclude>
    <ClInclude Include="DibSection.h">
      <Filter>utl-UI\Imaging</Filter>
    </ClInclude>
    <ClInclude Include="Icon.h">
      <Filter>utl-UI\Imaging</Filter>
    </ClInclude>
    <ClInclude Include="Image_fwd.h">
      <Filter>utl-UI\Imaging</Filter>
    </ClInclude>
    <ClInclude Include="ImageProxy.h">
      <Filter>utl-UI\Imaging</Filter>
    </ClInclude>
    <ClInclude Include="ImageStore.h">
      <Filter>utl-UI\Imaging</Filter>
    </ClInclude>
    <ClInclude Include="Imaging.h">
      <Filter>utl-UI\Imaging</Filter>
    </ClInclude>
    <ClInclude Include="ImagingDirect2D.h">
      <Filter>utl-UI\Imaging</Filter>
    </ClInclude>
    <ClInclude Include="ImagingGdiPlus.h">
      <Filter>utl-UI\Imaging</Filter>
    </ClInclude>
    <ClInclude Include="ImagingWic.h">
      <Filter>utl-UI\Imaging</Filter>
    </ClInclude>
    <ClInclude Include="ImagingWic_fwd.h">
      <Filter>utl-UI\Imaging</Filter>
    </ClInclude>
    <ClInclude Include="ThrowMode.h">
      <Filter>utl</Filter>
    </ClInclude>
    <ClInclude Include="ut\BaseImageTestCase.h">
      <Filter>utl-UnitTest</Filter>
    </ClInclude>
    <ClInclude Include="ut\FileSystemTests.h">
      <Filter>utl-UnitTest</Filter>
    </ClInclude>
    <ClInclude Include="ut\LcsTests.h">
      <Filter>utl-UnitTest</Filter>
    </ClInclude>
    <ClInclude Include="ut\PathGeneratorTests.h">
      <Filter>utl-UnitTest</Filter>
    </ClInclude>
    <ClInclude Include="ut\PathTests.h">
      <Filter>utl-UnitTest</Filter>
    </ClInclude>
    <ClInclude Include="ut\ResequenceTests.h">
      <Filter>utl-UnitTest</Filter>
    </ClInclude>
    <ClInclude Include="ut\StringTests.h">
      <Filter>utl-UnitTest</Filter>
    </ClInclude>
    <ClInclude Include="ut\TestToolWnd.h">
      <Filter>utl-UnitTest</Filter>
    </ClInclude>
    <ClInclude Include="ut\ThreadingTests.h">
      <Filter>utl-UnitTest</Filter>
    </ClInclude>
    <ClInclude Include="ut\UnitTest.h">
      <Filter>utl-UnitTest</Filter>
    </ClInclude>
    <ClInclude Include="ut\UtlConsoleTests.h">
      <Filter>utl-UnitTest</Filter>
    </ClInclude>
    <ClInclude Include="ut\WicImageTests.h">
      <Filter>utl-UnitTest</Filter>
    </ClInclude>
    <ClInclude Include="CacheLoader.h">
      <Filter>utl\File System</Filter>
    </ClInclude>
    <ClInclude Include="CacheLoader.hxx">
      <Filter>utl\File System</Filter>
    </ClInclude>
    <ClInclude Include="FileObjectCache.h">
      <Filter>utl\File System</Filter>
    </ClInclude>
    <ClInclude Include="FileObjectCache.hxx">
      <Filter>utl\File System</Filter>
    </ClInclude>
    <ClInclude Include="FilterStore.h">
      <Filter>utl\File System</Filter>
    </ClInclude>
    <ClInclude Include="Path.h">
      <Filter>utl\File System</Filter>
    </ClInclude>
    <ClInclude Include="PathGroup.h">
      <Filter>utl\File System</Filter>
    </ClInclude>
    <ClInclude Include="Compare_fwd.h">
      <Filter>utl</Filter>
    </ClInclude>
    <ClInclude Include="Guards.h">
      <Filter>utl</Filter>
    </ClInclude>
    <ClInclude Include="LongestCommonDuplicate.h">
      <Filter>utl</Filter>
    </ClInclude>
    <ClInclude Include="LongestCommonSubsequence.h">
      <Filter>utl</Filter>
    </ClInclude>
    <ClInclude Include="Process_.h">
      <Filter>utl</Filter>
    </ClInclude>
    <ClInclude Include="RandomUtilities.h">
      <Filter>utl</Filter>
    </ClInclude>
    <ClInclude Include="Resequence.h">
      <Filter>utl</Filter>
    </ClInclude>
    <ClInclude Include="Resequence.hxx">
      <Filter>utl</Filter>
    </ClInclude>
    <ClInclude Include="ResourcePool.h">
      <Filter>utl</Filter>
    </ClInclude>
    <ClInclude Include="Serialization.h">
      <Filter>utl</Filter>
    </ClInclude>
    <ClInclude Include="SerializeStdTypes.h">
      <Filter>utl</Filter>
    </ClInclude>
    <ClInclude Include="StreamStdTypes.h">
      <Filter>utl</Filter>
    </ClInclude>
    <ClInclude Include="StringCompare.h">
      <Filter>utl</Filter>
    </ClInclude>
    <ClInclude Include="StringCvt.h">
      <Filter>utl</Filter>
    </ClInclude>
    <ClInclude Include="TimeUtl.h">
      <Filter>utl</Filter>
    </ClInclude>
    <ClInclude Include="vector_map.h">
      <Filter>utl</Filter>
    </ClInclude>
    <ClInclude Include="utl.h">
      <Filter>Source Files</Filter>
    </ClInclude>
    <ClInclude Include="Thumbnailer.h">
      <Filter>utl-UI\Imaging</Filter>
    </ClInclude>
    <ClInclude Include="Thumbnailer_fwd.h">
      <Filter>utl-UI\Imaging</Filter>
    </ClInclude>
    <ClInclude Include="WicAnimatedImage.h">
      <Filter>utl-UI\Imaging</Filter>
    </ClInclude>
    <ClInclude Include="WicBitmap.h">
      <Filter>utl-UI\Imaging</Filter>
    </ClInclude>
    <ClInclude Include="WicDibSection.h">
      <Filter>utl-UI\Imaging</Filter>
    </ClInclude>
    <ClInclude Include="WicImage.h">
      <Filter>utl-UI\Imaging</Filter>
    </ClInclude>
    <ClInclude Include="WicImageCache.h">
      <Filter>utl-UI\Imaging</Filter>
    </ClInclude>
    <ClInclude Include="LayoutBasePropertySheet.h">
      <Filter>utl-UI\Layout</Filter>
    </ClInclude>
    <ClInclude Include="LayoutChildPropertySheet.h">
      <Filter>utl-UI\Layout</Filter>
    </ClInclude>
    <ClInclude Include="LayoutDialog.h">
      <Filter>utl-UI\Layout</Filter>
    </ClInclude>
    <ClInclude Include="LayoutEngine.h">
      <Filter>utl-UI\Layout</Filter>
    </ClInclude>
    <ClInclude Include="LayoutFormView.h">
      <Filter>utl-UI\Layout</Filter>
    </ClInclude>
    <ClInclude Include="LayoutMetrics.h">
      <Filter>utl-UI\Layout</Filter>
    </ClInclude>
    <ClInclude Include="LayoutPropertyPage.h">
      <Filter>utl-UI\Layout</Filter>
    </ClInclude>
    <ClInclude Include="LayoutPropertySheet.h">
      <Filter>utl-UI\Layout</Filter>
    </ClInclude>
    <ClInclude Include="ShellUtilities.h">
      <Filter>utl-UI\Shell %28Explorer API%29</Filter>
    </ClInclude>
    <ClInclude Include="AnimatedFrameComposer.h">
      <Filter>utl-UI\Imaging</Filter>
    </ClInclude>
    <ClInclude Include="BaseZoomView.h">
      <Filter>utl-UI</Filter>
    </ClInclude>
    <ClInclude Include="BatchTransactions.h">
      <Filter>utl\File System</Filter>
    </ClInclude>
    <ClInclude Include="DragListCtrl.h">
      <Filter>utl-UI</Filter>
    </ClInclude>
    <ClInclude Include="GdiPlus_fwd.h">
      <Filter>utl-UI</Filter>
    </ClInclude>
    <ClInclude Include="ImageZoomViewD2D.h">
      <Filter>utl-UI</Filter>
    </ClInclude>
    <ClInclude Include="IZoomBar.h">
      <Filter>utl-UI</Filter>
    </ClInclude>
    <ClInclude Include="Pixel.h">
      <Filter>utl-UI\Imaging</Filter>
    </ClInclude>
    <ClInclude Include="PostCall.h">
      <Filter>utl-UI</Filter>
    </ClInclude>
  </ItemGroup>
  <ItemGroup>
    <ClCompile Include="stdafx.cpp">
      <Filter>Source Files</Filter>
    </ClCompile>
    <ClCompile Include="AboutBox.cpp">
      <Filter>utl-UI</Filter>
    </ClCompile>
    <ClCompile Include="AccelTable.cpp">
      <Filter>utl-UI</Filter>
    </ClCompile>
    <ClCompile Include="BaseDetailHostCtrl.cpp">
      <Filter>utl-UI</Filter>
    </ClCompile>
    <ClCompile Include="BaseMainDialog.cpp">
      <Filter>utl-UI</Filter>
    </ClCompile>
    <ClCompile Include="BasePopupDialog.cpp">
      <Filter>utl-UI</Filter>
    </ClCompile>
    <ClCompile Include="BaseSplitButton.cpp">
      <Filter>utl-UI</Filter>
    </ClCompile>
    <ClCompile Include="BaseStatic.cpp">
      <Filter>utl-UI</Filter>
    </ClCompile>
    <ClCompile Include="BaseToolbar.cpp">
      <Filter>utl-UI</Filter>
    </ClCompile>
    <ClCompile Include="CmdInfoStore.cpp">
      <Filter>utl-UI</Filter>
    </ClCompile>
    <ClCompile Include="CtrlUiState.cpp">
      <Filter>utl-UI</Filter>
    </ClCompile>
    <ClCompile Include="DesktopDC.cpp">
      <Filter>utl-UI</Filter>
    </ClCompile>
    <ClCompile Include="DialogToolBar.cpp">
      <Filter>utl-UI</Filter>
    </ClCompile>
    <ClCompile Include="EnumSplitButton.cpp">
      <Filter>utl-UI</Filter>
    </ClCompile>
    <ClCompile Include="GroupIcon.cpp">
      <Filter>utl-UI</Filter>
    </ClCompile>
    <ClCompile Include="HistoryComboBox.cpp">
      <Filter>utl-UI</Filter>
    </ClCompile>
    <ClCompile Include="IconButton.cpp">
      <Filter>utl-UI</Filter>
    </ClCompile>
    <ClCompile Include="ItemContent.cpp">
      <Filter>utl-UI</Filter>
    </ClCompile>
    <ClCompile Include="ItemContentEdit.cpp">
      <Filter>utl-UI</Filter>
    </ClCompile>
    <ClCompile Include="ItemListDialog.cpp">
      <Filter>utl-UI</Filter>
    </ClCompile>
    <ClCompile Include="LogPalette.cpp">
      <Filter>utl-UI</Filter>
    </ClCompile>
    <ClCompile Include="MemoryDC.cpp">
      <Filter>utl-UI</Filter>
    </ClCompile>
    <ClCompile Include="MenuUtilities.cpp">
      <Filter>utl-UI</Filter>
    </ClCompile>
    <ClCompile Include="PopupSplitButton.cpp">
      <Filter>utl-UI</Filter>
    </ClCompile>
    <ClCompile Include="Registry.cpp">
      <Filter>utl-UI</Filter>
    </ClCompile>
    <ClCompile Include="ReportListControl.cpp">
      <Filter>utl-UI</Filter>
    </ClCompile>
    <ClCompile Include="ResourceData.cpp">
      <Filter>utl-UI</Filter>
    </ClCompile>
    <ClCompile Include="SpinEdit.cpp">
      <Filter>utl-UI</Filter>
    </ClCompile>
    <ClCompile Include="SpinTargetButton.cpp">
      <Filter>utl-UI</Filter>
    </ClCompile>
    <ClCompile Include="SplitPushButton.cpp">
      <Filter>utl-UI</Filter>
    </ClCompile>
    <ClCompile Include="TextEdit.cpp">
      <Filter>utl-UI</Filter>
    </ClCompile>
    <ClCompile Include="Color.cpp">
      <Filter>utl</Filter>
    </ClCompile>
    <ClCompile Include="EnumTags.cpp">
      <Filter>utl</Filter>
    </ClCompile>
    <ClCompile Include="Logger.cpp">
      <Filter>utl</Filter>
    </ClCompile>
    <ClCompile Include="RuntimeException.cpp">
      <Filter>utl</Filter>
    </ClCompile>
    <ClCompile Include="StringBase.cpp">
      <Filter>utl</Filter>
    </ClCompile>
    <ClCompile Include="StringUtilities.cpp">
      <Filter>utl</Filter>
    </ClCompile>
    <ClCompile Include="TextFileParser.cpp">
      <Filter>utl</Filter>
    </ClCompile>
    <ClCompile Include="TokenIterator.cpp">
      <Filter>utl</Filter>
    </ClCompile>
    <ClCompile Include="ThemeItem.cpp">
      <Filter>utl-UI</Filter>
    </ClCompile>
    <ClCompile Include="ThemeStatic.cpp">
      <Filter>utl-UI</Filter>
    </ClCompile>
    <ClCompile Include="ToolStrip.cpp">
      <Filter>utl-UI</Filter>
    </ClCompile>
    <ClCompile Include="TooltipsHook.cpp">
      <Filter>utl-UI</Filter>
    </ClCompile>
    <ClCompile Include="TrackStatic.cpp">
      <Filter>utl-UI</Filter>
    </ClCompile>
    <ClCompile Include="TreeControl.cpp">
      <Filter>utl-UI</Filter>
    </ClCompile>
    <ClCompile Include="Utilities.cpp">
      <Filter>utl-UI</Filter>
    </ClCompile>
    <ClCompile Include="UtilitiesEx.cpp">
      <Filter>utl-UI</Filter>
    </ClCompile>
    <ClCompile Include="VersionInfo.cpp">
      <Filter>utl-UI</Filter>
    </ClCompile>
    <ClCompile Include="VisualTheme.cpp">
      <Filter>utl-UI</Filter>
    </ClCompile>
    <ClCompile Include="VisualThemeFallback.cpp">
      <Filter>utl-UI</Filter>
    </ClCompile>
    <ClCompile Include="WindowHook.cpp">
      <Filter>utl-UI</Filter>
    </ClCompile>
    <ClCompile Include="WindowTimer.cpp">
      <Filter>utl-UI</Filter>
    </ClCompile>
    <ClCompile Include="ItemContentHistoryCombo.cpp">
      <Filter>utl-UI</Filter>
    </ClCompile>
    <ClCompile Include="MultiZone.cpp">
      <Filter>utl-UI</Filter>
    </ClCompile>
    <ClCompile Include="SampleView.cpp">
      <Filter>utl-UI</Filter>
    </ClCompile>
    <ClCompile Include="TextEditor.cpp">
      <Filter>utl-UI</Filter>
    </ClCompile>
    <ClCompile Include="BaseApp.cpp">
      <Filter>utl-UI</Filter>
    </ClCompile>
    <ClCompile Include="FileSystem.cpp">
      <Filter>utl\File System</Filter>
    </ClCompile>
    <ClCompile Include="FlagTags.cpp">
      <Filter>utl</Filter>
    </ClCompile>
    <ClCompile Include="StructuredStorage.cpp">
      <Filter>utl-UI\Shell %28Explorer API%29</Filter>
    </ClCompile>
    <ClCompile Include="PathFormatter.cpp">
      <Filter>utl\File System</Filter>
    </ClCompile>
    <ClCompile Include="PathGenerator.cpp">
      <Filter>utl\File System</Filter>
    </ClCompile>
    <ClCompile Include="PathMaker.cpp">
      <Filter>utl\File System</Filter>
    </ClCompile>
    <ClCompile Include="Clipboard.cpp">
      <Filter>utl-UI\Drag and Drop %28OLE%29</Filter>
    </ClCompile>
    <ClCompile Include="OleDataSource.cpp">
      <Filter>utl-UI\Drag and Drop %28OLE%29</Filter>
    </ClCompile>
    <ClCompile Include="OleDragDrop_fwd.cpp">
      <Filter>utl-UI\Drag and Drop %28OLE%29</Filter>
    </ClCompile>
    <ClCompile Include="OleDropSource.cpp">
      <Filter>utl-UI\Drag and Drop %28OLE%29</Filter>
    </ClCompile>
    <ClCompile Include="OleDropTarget.cpp">
      <Filter>utl-UI\Drag and Drop %28OLE%29</Filter>
    </ClCompile>
    <ClCompile Include="OleUtils.cpp">
      <Filter>utl-UI\Drag and Drop %28OLE%29</Filter>
    </ClCompile>
    <ClCompile Include="ShellDragImager.cpp">
      <Filter>utl-UI\Shell %28Explorer API%29</Filter>
    </ClCompile>
    <ClCompile Include="ShellDropTip.cpp">
      <Filter>utl-UI\Shell %28Explorer API%29</Filter>
    </ClCompile>
    <ClCompile Include="ShellFileDialog.cpp">
      <Filter>utl-UI\Shell %28Explorer API%29</Filter>
    </ClCompile>
    <ClCompile Include="WinExplorer.cpp">
      <Filter>utl-UI\Shell %28Explorer API%29</Filter>
    </ClCompile>
    <ClCompile Include="FlexPath.cpp">
      <Filter>utl\File System</Filter>
    </ClCompile>
    <ClCompile Include="UserReport.cpp">
      <Filter>utl-UI</Filter>
    </ClCompile>
    <ClCompile Include="MfcUtilities.cpp">
      <Filter>utl-UI</Filter>
    </ClCompile>
    <ClCompile Include="DibDraw.cpp">
      <Filter>utl-UI\Imaging</Filter>
    </ClCompile>
    <ClCompile Include="DibPixels.cpp">
      <Filter>utl-UI\Imaging</Filter>
    </ClCompile>
    <ClCompile Include="DibSection.cpp">
      <Filter>utl-UI\Imaging</Filter>
    </ClCompile>
    <ClCompile Include="Icon.cpp">
      <Filter>utl-UI\Imaging</Filter>
    </ClCompile>
    <ClCompile Include="Image_fwd.cpp">
      <Filter>utl-UI\Imaging</Filter>
    </ClCompile>
    <ClCompile Include="ImageProxy.cpp">
      <Filter>utl-UI\Imaging</Filter>
    </ClCompile>
    <ClCompile Include="ImageStore.cpp">
      <Filter>utl-UI\Imaging</Filter>
    </ClCompile>
    <ClCompile Include="Imaging.cpp">
      <Filter>utl-UI\Imaging</Filter>
    </ClCompile>
    <ClCompile Include="ImagingDirect2D.cpp">
      <Filter>utl-UI\Imaging</Filter>
    </ClCompile>
    <ClCompile Include="ImagingGdiPlus.cpp">
      <Filter>utl-UI\Imaging</Filter>
    </ClCompile>
    <ClCompile Include="ImagingWic.cpp">
      <Filter>utl-UI\Imaging</Filter>
    </ClCompile>
    <ClCompile Include="ThrowMode.cpp">
      <Filter>utl</Filter>
    </ClCompile>
    <ClCompile Include="ut\BaseImageTestCase.cpp">
      <Filter>utl-UnitTest</Filter>
    </ClCompile>
    <ClCompile Include="ut\FileSystemTests.cpp">
      <Filter>utl-UnitTest</Filter>
    </ClCompile>
    <ClCompile Include="ut\LcsTests.cpp">
      <Filter>utl-UnitTest</Filter>
    </ClCompile>
    <ClCompile Include="ut\PathGeneratorTests.cpp">
      <Filter>utl-UnitTest</Filter>
    </ClCompile>
    <ClCompile Include="ut\PathTests.cpp">
      <Filter>utl-UnitTest</Filter>
    </ClCompile>
    <ClCompile Include="ut\ResequenceTests.cpp">
      <Filter>utl-UnitTest</Filter>
    </ClCompile>
    <ClCompile Include="ut\StringTests.cpp">
      <Filter>utl-UnitTest</Filter>
    </ClCompile>
    <ClCompile Include="ut\TestToolWnd.cpp">
      <Filter>utl-UnitTest</Filter>
    </ClCompile>
    <ClCompile Include="ut\ThreadingTests.cpp">
      <Filter>utl-UnitTest</Filter>
    </ClCompile>
    <ClCompile Include="ut\UnitTest.cpp">
      <Filter>utl-UnitTest</Filter>
    </ClCompile>
    <ClCompile Include="ut\WicImageTests.cpp">
      <Filter>utl-UnitTest</Filter>
    </ClCompile>
    <ClCompile Include="FileObjectCache.cpp">
      <Filter>utl\File System</Filter>
    </ClCompile>
    <ClCompile Include="FilterStore.cpp">
      <Filter>utl\File System</Filter>
    </ClCompile>
    <ClCompile Include="Path.cpp">
      <Filter>utl\File System</Filter>
    </ClCompile>
    <ClCompile Include="PathGroup.cpp">
      <Filter>utl\File System</Filter>
    </ClCompile>
    <ClCompile Include="Guards.cpp">
      <Filter>utl</Filter>
    </ClCompile>
    <ClCompile Include="Process_.cpp">
      <Filter>utl</Filter>
    </ClCompile>
    <ClCompile Include="StringCompare.cpp">
      <Filter>utl</Filter>
    </ClCompile>
    <ClCompile Include="TimeUtl.cpp">
      <Filter>utl</Filter>
    </ClCompile>
    <ClCompile Include="Thumbnailer.cpp">
      <Filter>utl-UI\Imaging</Filter>
    </ClCompile>
    <ClCompile Include="WicAnimatedImage.cpp">
      <Filter>utl-UI\Imaging</Filter>
    </ClCompile>
    <ClCompile Include="WicDibSection.cpp">
      <Filter>utl-UI\Imaging</Filter>
    </ClCompile>
    <ClCompile Include="WicImage.cpp">
      <Filter>utl-UI\Imaging</Filter>
    </ClCompile>
    <ClCompile Include="WicImageCache.cpp">
      <Filter>utl-UI\Imaging</Filter>
    </ClCompile>
    <ClCompile Include="LayoutBasePropertySheet.cpp">
      <Filter>utl-UI\Layout</Filter>
    </ClCompile>
    <ClCompile Include="LayoutChildPropertySheet.cpp">
      <Filter>utl-UI\Layout</Filter>
    </ClCompile>
    <ClCompile Include="LayoutDialog.cpp">
      <Filter>utl-UI\Layout</Filter>
    </ClCompile>
    <ClCompile Include="LayoutEngine.cpp">
      <Filter>utl-UI\Layout</Filter>
    </ClCompile>
    <ClCompile Include="LayoutFormView.cpp">
      <Filter>utl-UI\Layout</Filter>
    </ClCompile>
    <ClCompile Include="LayoutMetrics.cpp">
      <Filter>utl-UI\Layout</Filter>
    </ClCompile>
    <ClCompile Include="LayoutPropertyPage.cpp">
      <Filter>utl-UI\Layout</Filter>
    </ClCompile>
    <ClCompile Include="LayoutPropertySheet.cpp">
      <Filter>utl-UI\Layout</Filter>
    </ClCompile>
    <ClCompile Include="ShellUtilities.cpp">
      <Filter>utl-UI\Shell %28Explorer API%29</Filter>
    </ClCompile>
    <ClCompile Include="AnimatedFrameComposer.cpp">
      <Filter>utl-UI\Imaging</Filter>
    </ClCompile>
    <ClCompile Include="BaseZoomView.cpp">
      <Filter>utl-UI</Filter>
    </ClCompile>
    <ClCompile Include="BatchTransactions.cpp">
      <Filter>utl\File System</Filter>
    </ClCompile>
    <ClCompile Include="DragListCtrl.cpp">
      <Filter>utl-UI</Filter>
    </ClCompile>
    <ClCompile Include="ImageZoomViewD2D.cpp">
      <Filter>utl-UI</Filter>
    </ClCompile>
    <ClCompile Include="IZoomBar.cpp">
      <Filter>utl-UI</Filter>
    </ClCompile>
    <ClCompile Include="PostCall.cpp">
      <Filter>utl-UI</Filter>
    </ClCompile>
  </ItemGroup>
  <ItemGroup>
    <ResourceCompile Include="utl_ui.rc">
      <Filter>Resource Files</Filter>
    </ResourceCompile>
  </ItemGroup>
  <ItemGroup>
    <Image Include="res\ItemListStrip.bmp">
      <Filter>Resource Files</Filter>
    </Image>
    <Image Include="res\StdStrip.bmp">
      <Filter>Resource Files</Filter>
    </Image>
    <Image Include="res\ItemListStrip.png">
      <Filter>Resource Files</Filter>
    </Image>
    <Image Include="res\StdStrip.png">
      <Filter>Resource Files</Filter>
    </Image>
  </ItemGroup>
  <ItemGroup>
    <None Include="res\Scrollable.cur">
      <Filter>Resource Files</Filter>
    </None>
    <None Include="res\ScrollDrag.cur">
      <Filter>Resource Files</Filter>
    </None>
  </ItemGroup>
</Project>