<?xml version="1.0" encoding="utf-8"?>
<Project ToolsVersion="4.0" xmlns="http://schemas.microsoft.com/developer/msbuild/2003">
  <ItemGroup>
    <Filter Include="Source Files">
      <UniqueIdentifier>{4FC737F1-C7A5-4376-A066-2A32D752A2FF}</UniqueIdentifier>
      <Extensions>h;hh;hpp;hxx;h++;hm;inl;inc;ipp;xsd;cpp;c;cc;cxx;c++;cppm;ixx;def;odl;idl;hpj;bat;asm;asmx</Extensions>
    </Filter>
    <Filter Include="Tests">
      <UniqueIdentifier>{92a79751-06ab-483b-8b09-d1a756366412}</UniqueIdentifier>
    </Filter>
    <Filter Include="utl">
      <UniqueIdentifier>{9c0dfd64-eb71-4777-bc2a-ca4872a6715c}</UniqueIdentifier>
    </Filter>
    <Filter Include="utl\File System">
      <UniqueIdentifier>{0213a5db-5c91-4d0f-8dae-83174b7d5f99}</UniqueIdentifier>
    </Filter>
    <Filter Include="utl\Input/Output">
      <UniqueIdentifier>{cbd5ee84-94de-430b-a80e-d743ac2122df}</UniqueIdentifier>
    </Filter>
    <Filter Include="utl\Model">
      <UniqueIdentifier>{1efaf967-8558-4300-b289-b8cbe290369f}</UniqueIdentifier>
    </Filter>
    <Filter Include="utl\Pattern">
      <UniqueIdentifier>{85f8d771-9ef2-47a6-87cc-45da0b262fe6}</UniqueIdentifier>
    </Filter>
    <Filter Include="utl\Registry">
      <UniqueIdentifier>{ddd75400-0a5f-4c13-9b8d-bde50fb4b97a}</UniqueIdentifier>
    </Filter>
    <Filter Include="utl\Serialize">
      <UniqueIdentifier>{5ed84f16-b675-457e-a6b3-2c65bc50b45f}</UniqueIdentifier>
    </Filter>
    <Filter Include="Unit Testing">
      <UniqueIdentifier>{7624983e-d585-4204-bcf7-b12921fd3e46}</UniqueIdentifier>
    </Filter>
    <Filter Include="utl\code">
      <UniqueIdentifier>{417129a3-8373-485a-b018-f1dadabdd95b}</UniqueIdentifier>
    </Filter>
  </ItemGroup>
  <ItemGroup>
    <ClInclude Include="pch.h">
      <Filter>Source Files</Filter>
    </ClInclude>
    <ClInclude Include="test\AlgorithmsTests.h">
      <Filter>Tests</Filter>
    </ClInclude>
    <ClInclude Include="test\DuplicateFilesTests.h">
      <Filter>Tests</Filter>
    </ClInclude>
    <ClInclude Include="test\EndiannessTests.h">
      <Filter>Tests</Filter>
    </ClInclude>
    <ClInclude Include="test\FileSystemTests.h">
      <Filter>Tests</Filter>
    </ClInclude>
    <ClInclude Include="test\FmtUtilsTests.h">
      <Filter>Tests</Filter>
    </ClInclude>
    <ClInclude Include="test\LcsTests.h">
      <Filter>Tests</Filter>
    </ClInclude>
    <ClInclude Include="test\NumericTests.h">
      <Filter>Tests</Filter>
    </ClInclude>
    <ClInclude Include="test\PathGeneratorTests.h">
      <Filter>Tests</Filter>
    </ClInclude>
    <ClInclude Include="test\PathTests.h">
      <Filter>Tests</Filter>
    </ClInclude>
    <ClInclude Include="test\RegistryTests.h">
      <Filter>Tests</Filter>
    </ClInclude>
    <ClInclude Include="test\ResequenceTests.h">
      <Filter>Tests</Filter>
    </ClInclude>
    <ClInclude Include="test\StringRangeTests.h">
      <Filter>Tests</Filter>
    </ClInclude>
    <ClInclude Include="test\StringTests.h">
      <Filter>Tests</Filter>
    </ClInclude>
    <ClInclude Include="test\StructuredStorageTest.h">
      <Filter>Tests</Filter>
    </ClInclude>
    <ClInclude Include="test\TempFilePairPool.h">
      <Filter>Tests</Filter>
    </ClInclude>
    <ClInclude Include="test\TextFileIoTests.h">
      <Filter>Tests</Filter>
    </ClInclude>
    <ClInclude Include="test\UtlConsoleTests.h">
      <Filter>Tests</Filter>
    </ClInclude>
    <ClInclude Include="StdHashValue.h">
      <Filter>Source Files</Filter>
    </ClInclude>
    <ClInclude Include="StdStl.h">
      <Filter>Source Files</Filter>
    </ClInclude>
    <ClInclude Include="targetver.h">
      <Filter>Source Files</Filter>
    </ClInclude>
    <ClInclude Include="utl_base.h">
      <Filter>Source Files</Filter>
    </ClInclude>
    <ClInclude Include="Algorithms.h">
      <Filter>utl</Filter>
    </ClInclude>
    <ClInclude Include="AppTools.h">
      <Filter>utl</Filter>
    </ClInclude>
    <ClInclude Include="CommonDefs.h">
      <Filter>utl</Filter>
    </ClInclude>
    <ClInclude Include="Compare_fwd.h">
      <Filter>utl</Filter>
    </ClInclude>
    <ClInclude Include="ConsoleApplication.h">
      <Filter>utl</Filter>
    </ClInclude>
    <ClInclude Include="Console_fwd.h">
      <Filter>utl</Filter>
    </ClInclude>
    <ClInclude Include="ComparePredicates.h">
      <Filter>utl</Filter>
    </ClInclude>
    <ClInclude Include="ContainerOwnership.h">
      <Filter>utl</Filter>
    </ClInclude>
    <ClInclude Include="EnumTags.h">
      <Filter>utl</Filter>
    </ClInclude>
    <ClInclude Include="ErrorHandler.h">
      <Filter>utl</Filter>
    </ClInclude>
    <ClInclude Include="FlagSet.h">
      <Filter>utl</Filter>
    </ClInclude>
    <ClInclude Include="FlagTags.h">
      <Filter>utl</Filter>
    </ClInclude>
    <ClInclude Include="FmtUtils.h">
      <Filter>utl</Filter>
    </ClInclude>
    <ClInclude Include="Guards.h">
      <Filter>utl</Filter>
    </ClInclude>
    <ClInclude Include="IUnknownImpl.h">
      <Filter>utl</Filter>
    </ClInclude>
    <ClInclude Include="IUnknownImpl.hxx">
      <Filter>utl</Filter>
    </ClInclude>
    <ClInclude Include="Logger.h">
      <Filter>utl</Filter>
    </ClInclude>
    <ClInclude Include="LongestCommonDuplicate.h">
      <Filter>utl</Filter>
    </ClInclude>
    <ClInclude Include="LongestCommonSubsequence.h">
      <Filter>utl</Filter>
    </ClInclude>
    <ClInclude Include="MatchSequence.h">
      <Filter>utl</Filter>
    </ClInclude>
    <ClInclude Include="MemLeakCheck.h">
      <Filter>utl</Filter>
    </ClInclude>
    <ClInclude Include="MultiThreading.h">
      <Filter>utl</Filter>
    </ClInclude>
    <ClInclude Include="NumericProcessor.h">
      <Filter>utl</Filter>
    </ClInclude>
    <ClInclude Include="ProcessCmd.h">
      <Filter>utl</Filter>
    </ClInclude>
    <ClInclude Include="RandomUtilities.h">
      <Filter>utl</Filter>
    </ClInclude>
    <ClInclude Include="Range.h">
      <Filter>utl</Filter>
    </ClInclude>
    <ClInclude Include="Resequence.h">
      <Filter>utl</Filter>
    </ClInclude>
    <ClInclude Include="Resequence.hxx">
      <Filter>utl</Filter>
    </ClInclude>
    <ClInclude Include="ResourcePool.h">
      <Filter>utl</Filter>
    </ClInclude>
    <ClInclude Include="RuntimeException.h">
      <Filter>utl</Filter>
    </ClInclude>
    <ClInclude Include="ScopedValue.h">
      <Filter>utl</Filter>
    </ClInclude>
    <ClInclude Include="StringBase.h">
      <Filter>utl</Filter>
    </ClInclude>
    <ClInclude Include="StringCompare.h">
      <Filter>utl</Filter>
    </ClInclude>
    <ClInclude Include="StringCvt.h">
      <Filter>utl</Filter>
    </ClInclude>
    <ClInclude Include="StringIntuitiveCompare.h">
      <Filter>utl</Filter>
    </ClInclude>
    <ClInclude Include="StringRange.h">
      <Filter>utl</Filter>
    </ClInclude>
    <ClInclude Include="StringRange_fwd.h">
      <Filter>utl</Filter>
    </ClInclude>
    <ClInclude Include="StringUtilities.h">
      <Filter>utl</Filter>
    </ClInclude>
    <ClInclude Include="SubjectPredicates.h">
      <Filter>utl</Filter>
    </ClInclude>
    <ClInclude Include="TextClipboard.h">
      <Filter>utl</Filter>
    </ClInclude>
    <ClInclude Include="Timer.h">
      <Filter>utl</Filter>
    </ClInclude>
    <ClInclude Include="TimeUtils.h">
      <Filter>utl</Filter>
    </ClInclude>
    <ClInclude Include="TokenIterator.h">
      <Filter>utl</Filter>
    </ClInclude>
    <ClInclude Include="vector_map.h">
      <Filter>utl</Filter>
    </ClInclude>
    <ClInclude Include="CacheLoader.h">
      <Filter>utl\File System</Filter>
    </ClInclude>
    <ClInclude Include="CacheLoader.hxx">
      <Filter>utl\File System</Filter>
    </ClInclude>
    <ClInclude Include="CRC32.h">
      <Filter>utl\File System</Filter>
    </ClInclude>
    <ClInclude Include="FileContent.h">
      <Filter>utl\File System</Filter>
    </ClInclude>
    <ClInclude Include="FileEnumerator.h">
      <Filter>utl\File System</Filter>
    </ClInclude>
    <ClInclude Include="FileObjectCache.h">
      <Filter>utl\File System</Filter>
    </ClInclude>
    <ClInclude Include="FileObjectCache.hxx">
      <Filter>utl\File System</Filter>
    </ClInclude>
    <ClInclude Include="FileState.h">
      <Filter>utl\File System</Filter>
    </ClInclude>
    <ClInclude Include="FileSystem.h">
      <Filter>utl\File System</Filter>
    </ClInclude>
    <ClInclude Include="FileSystem_fwd.h">
      <Filter>utl\File System</Filter>
    </ClInclude>
    <ClInclude Include="FlexPath.h">
      <Filter>utl\File System</Filter>
    </ClInclude>
    <ClInclude Include="Path.h">
      <Filter>utl\File System</Filter>
    </ClInclude>
    <ClInclude Include="Path_fwd.h">
      <Filter>utl\File System</Filter>
    </ClInclude>
    <ClInclude Include="PathFormatter.h">
      <Filter>utl\File System</Filter>
    </ClInclude>
    <ClInclude Include="PathGenerator.h">
      <Filter>utl\File System</Filter>
    </ClInclude>
    <ClInclude Include="PathGroup.h">
      <Filter>utl\File System</Filter>
    </ClInclude>
    <ClInclude Include="PathMaker.h">
      <Filter>utl\File System</Filter>
    </ClInclude>
    <ClInclude Include="PathRenamePairs.h">
      <Filter>utl\File System</Filter>
    </ClInclude>
    <ClInclude Include="PathUniqueMaker.h">
      <Filter>utl\File System</Filter>
    </ClInclude>
    <ClInclude Include="StreamStdTypes.h">
      <Filter>utl\File System</Filter>
    </ClInclude>
    <ClInclude Include="StructuredStorage.h">
      <Filter>utl\File System</Filter>
    </ClInclude>
    <ClInclude Include="EncodedFileBuffer.h">
      <Filter>utl\Input/Output</Filter>
    </ClInclude>
    <ClInclude Include="Encoding.h">
      <Filter>utl\Input/Output</Filter>
    </ClInclude>
    <ClInclude Include="Io_fwd.h">
      <Filter>utl\Input/Output</Filter>
    </ClInclude>
    <ClInclude Include="IoBin.h">
      <Filter>utl\Input/Output</Filter>
    </ClInclude>
    <ClInclude Include="StdOutput.h">
      <Filter>utl\Input/Output</Filter>
    </ClInclude>
    <ClInclude Include="TextEncoding.h">
      <Filter>utl\Input/Output</Filter>
    </ClInclude>
    <ClInclude Include="TextFileIo.h">
      <Filter>utl\Input/Output</Filter>
    </ClInclude>
    <ClInclude Include="TextFileIo.hxx">
      <Filter>utl\Input/Output</Filter>
    </ClInclude>
    <ClInclude Include="DuplicateFileItem.h">
      <Filter>utl\Model</Filter>
    </ClInclude>
    <ClInclude Include="DuplicateFilesEnumerator.h">
      <Filter>utl\Model</Filter>
    </ClInclude>
    <ClInclude Include="FileStateEnumerator.h">
      <Filter>utl\Model</Filter>
    </ClInclude>
    <ClInclude Include="FileStateEnumerator.hxx">
      <Filter>utl\Model</Filter>
    </ClInclude>
    <ClInclude Include="FileStateItem.h">
      <Filter>utl\Model</Filter>
    </ClInclude>
    <ClInclude Include="PathItemBase.h">
      <Filter>utl\Model</Filter>
    </ClInclude>
    <ClInclude Include="PathMap.h">
      <Filter>utl\File System</Filter>
    </ClInclude>
    <ClInclude Include="Command.h">
      <Filter>utl\Pattern</Filter>
    </ClInclude>
    <ClInclude Include="CommandModel.h">
      <Filter>utl\Pattern</Filter>
    </ClInclude>
    <ClInclude Include="CommandService.h">
      <Filter>utl\Pattern</Filter>
    </ClInclude>
    <ClInclude Include="ICommand.h">
      <Filter>utl\Pattern</Filter>
    </ClInclude>
    <ClInclude Include="ICounter.h">
      <Filter>utl\Pattern</Filter>
    </ClInclude>
    <ClInclude Include="IProgressService.h">
      <Filter>utl\Pattern</Filter>
    </ClInclude>
    <ClInclude Include="ISubject.h">
      <Filter>utl\Pattern</Filter>
    </ClInclude>
    <ClInclude Include="Subject.h">
      <Filter>utl\Pattern</Filter>
    </ClInclude>
    <ClInclude Include="IniFile.h">
      <Filter>utl\Registry</Filter>
    </ClInclude>
    <ClInclude Include="IniFileRegistrySection.h">
      <Filter>utl\Registry</Filter>
    </ClInclude>
    <ClInclude Include="IRegistrySection.h">
      <Filter>utl\Registry</Filter>
    </ClInclude>
    <ClInclude Include="PropertyLineReader.h">
      <Filter>utl\Registry</Filter>
    </ClInclude>
    <ClInclude Include="Registry.h">
      <Filter>utl\Registry</Filter>
    </ClInclude>
    <ClInclude Include="Registry_fwd.h">
      <Filter>utl\Registry</Filter>
    </ClInclude>
    <ClInclude Include="Endianness.h">
      <Filter>utl\Serialize</Filter>
    </ClInclude>
    <ClInclude Include="Serialization.h">
      <Filter>utl\Serialize</Filter>
    </ClInclude>
    <ClInclude Include="Serialization.hxx">
      <Filter>utl\Serialize</Filter>
    </ClInclude>
    <ClInclude Include="Serialization_fwd.h">
      <Filter>utl\Serialize</Filter>
    </ClInclude>
    <ClInclude Include="SerializeStdTypes.h">
      <Filter>utl\Serialize</Filter>
    </ClInclude>
    <ClInclude Include="StringBase_fwd.h">
      <Filter>utl</Filter>
    </ClInclude>
    <ClInclude Include="test\MockObject.h">
      <Filter>Unit Testing</Filter>
    </ClInclude>
    <ClInclude Include="test\Test.h">
      <Filter>Unit Testing</Filter>
    </ClInclude>
    <ClInclude Include="test\UnitTest.h">
      <Filter>Unit Testing</Filter>
    </ClInclude>
    <ClInclude Include="UnitTest_fwd.h">
      <Filter>Unit Testing</Filter>
    </ClInclude>
    <ClInclude Include="Algorithms_fwd.h">
      <Filter>utl</Filter>
    </ClInclude>
    <ClInclude Include="test\EnvironmentTests.h">
      <Filter>Tests</Filter>
    </ClInclude>
    <ClInclude Include="StringParsing.h">
      <Filter>utl</Filter>
    </ClInclude>
    <ClInclude Include="test\LanguageTests.h">
      <Filter>Tests</Filter>
    </ClInclude>
    <ClInclude Include="Language.h">
      <Filter>utl\code</Filter>
    </ClInclude>
    <ClInclude Include="RegAutomationSvr.h">
      <Filter>utl\Registry</Filter>
    </ClInclude>
    <ClInclude Include="test\StringCompareTests.h">
      <Filter>Tests</Filter>
    </ClInclude>
    <ClInclude Include="TextFileIo_fwd.h">
      <Filter>utl\Input/Output</Filter>
    </ClInclude>
    <ClInclude Include="CodeAlgorithms.h">
      <Filter>utl\code</Filter>
    </ClInclude>
    <ClInclude Include="Language.hxx">
      <Filter>utl\code</Filter>
    </ClInclude>
    <ClInclude Include="Code_fwd.h">
      <Filter>utl\code</Filter>
    </ClInclude>
    <ClInclude Include="StdThread.h">
      <Filter>Source Files</Filter>
    </ClInclude>
    <ClInclude Include="test\ThreadingTests.hxx">
      <Filter>Tests</Filter>
    </ClInclude>
    <ClInclude Include="CppVer.h">
      <Filter>Source Files</Filter>
    </ClInclude>
    <ClInclude Include="test\GridLayoutTests.h">
      <Filter>Tests</Filter>
    </ClInclude>
    <ClInclude Include="Functional.h">
      <Filter>utl</Filter>
    </ClInclude>
    <ClInclude Include="DebugTrace.h">
      <Filter>utl</Filter>
    </ClInclude>
    <ClInclude Include="test\TraceTests.h">
      <Filter>Tests</Filter>
    </ClInclude>
    <ClInclude Include="Unique.h">
      <Filter>utl</Filter>
    </ClInclude>
    <ClInclude Include="CommonLength.h">
      <Filter>utl</Filter>
    </ClInclude>
  </ItemGroup>
  <ItemGroup>
    <ClCompile Include="pch.cpp">
      <Filter>Source Files</Filter>
    </ClCompile>
    <ClCompile Include="test\AlgorithmsTests.cpp">
      <Filter>Tests</Filter>
    </ClCompile>
    <ClCompile Include="test\DuplicateFilesTests.cpp">
      <Filter>Tests</Filter>
    </ClCompile>
    <ClCompile Include="test\EndiannessTests.cpp">
      <Filter>Tests</Filter>
    </ClCompile>
    <ClCompile Include="test\FileSystemTests.cpp">
      <Filter>Tests</Filter>
    </ClCompile>
    <ClCompile Include="test\FmtUtilsTests.cpp">
      <Filter>Tests</Filter>
    </ClCompile>
    <ClCompile Include="test\LcsTests.cpp">
      <Filter>Tests</Filter>
    </ClCompile>
    <ClCompile Include="test\NumericTests.cpp">
      <Filter>Tests</Filter>
    </ClCompile>
    <ClCompile Include="test\PathGeneratorTests.cpp">
      <Filter>Tests</Filter>
    </ClCompile>
    <ClCompile Include="test\PathTests.cpp">
      <Filter>Tests</Filter>
    </ClCompile>
    <ClCompile Include="test\RegistryTests.cpp">
      <Filter>Tests</Filter>
    </ClCompile>
    <ClCompile Include="test\ResequenceTests.cpp">
      <Filter>Tests</Filter>
    </ClCompile>
    <ClCompile Include="test\StringRangeTests.cpp">
      <Filter>Tests</Filter>
    </ClCompile>
    <ClCompile Include="test\StringTests.cpp">
      <Filter>Tests</Filter>
    </ClCompile>
    <ClCompile Include="test\StructuredStorageTest.cpp">
      <Filter>Tests</Filter>
    </ClCompile>
    <ClCompile Include="test\TempFilePairPool.cpp">
      <Filter>Tests</Filter>
    </ClCompile>
    <ClCompile Include="test\TextFileIoTests.cpp">
      <Filter>Tests</Filter>
    </ClCompile>
    <ClCompile Include="test\UtlConsoleTests.cpp">
      <Filter>Tests</Filter>
    </ClCompile>
    <ClCompile Include="AppTools.cpp">
      <Filter>utl</Filter>
    </ClCompile>
    <ClCompile Include="ConsoleApplication.cpp">
      <Filter>utl</Filter>
    </ClCompile>
    <ClCompile Include="EnumTags.cpp">
      <Filter>utl</Filter>
    </ClCompile>
    <ClCompile Include="ErrorHandler.cpp">
      <Filter>utl</Filter>
    </ClCompile>
    <ClCompile Include="FlagTags.cpp">
      <Filter>utl</Filter>
    </ClCompile>
    <ClCompile Include="FmtUtils.cpp">
      <Filter>utl</Filter>
    </ClCompile>
    <ClCompile Include="Guards.cpp">
      <Filter>utl</Filter>
    </ClCompile>
    <ClCompile Include="Logger.cpp">
      <Filter>utl</Filter>
    </ClCompile>
    <ClCompile Include="MemLeakCheck.cpp">
      <Filter>utl</Filter>
    </ClCompile>
    <ClCompile Include="MultiThreading.cpp">
      <Filter>utl</Filter>
    </ClCompile>
    <ClCompile Include="NumericProcessor.cpp">
      <Filter>utl</Filter>
    </ClCompile>
    <ClCompile Include="ProcessCmd.cpp">
      <Filter>utl</Filter>
    </ClCompile>
    <ClCompile Include="ResourcePool.cpp">
      <Filter>utl</Filter>
    </ClCompile>
    <ClCompile Include="RuntimeException.cpp">
      <Filter>utl</Filter>
    </ClCompile>
    <ClCompile Include="StringBase.cpp">
      <Filter>utl</Filter>
    </ClCompile>
    <ClCompile Include="StringCompare.cpp">
      <Filter>utl</Filter>
    </ClCompile>
    <ClCompile Include="StringUtilities.cpp">
      <Filter>utl</Filter>
    </ClCompile>
    <ClCompile Include="TextClipboard.cpp">
      <Filter>utl</Filter>
    </ClCompile>
    <ClCompile Include="Timer.cpp">
      <Filter>utl</Filter>
    </ClCompile>
    <ClCompile Include="TimeUtils.cpp">
      <Filter>utl</Filter>
    </ClCompile>
    <ClCompile Include="CRC32.cpp">
      <Filter>utl\File System</Filter>
    </ClCompile>
    <ClCompile Include="FileContent.cpp">
      <Filter>utl\File System</Filter>
    </ClCompile>
    <ClCompile Include="FileEnumerator.cpp">
      <Filter>utl\File System</Filter>
    </ClCompile>
    <ClCompile Include="FileObjectCache.cpp">
      <Filter>utl\File System</Filter>
    </ClCompile>
    <ClCompile Include="FileState.cpp">
      <Filter>utl\File System</Filter>
    </ClCompile>
    <ClCompile Include="FileSystem.cpp">
      <Filter>utl\File System</Filter>
    </ClCompile>
    <ClCompile Include="FlexPath.cpp">
      <Filter>utl\File System</Filter>
    </ClCompile>
    <ClCompile Include="Path.cpp">
      <Filter>utl\File System</Filter>
    </ClCompile>
    <ClCompile Include="PathFormatter.cpp">
      <Filter>utl\File System</Filter>
    </ClCompile>
    <ClCompile Include="PathGenerator.cpp">
      <Filter>utl\File System</Filter>
    </ClCompile>
    <ClCompile Include="PathGroup.cpp">
      <Filter>utl\File System</Filter>
    </ClCompile>
    <ClCompile Include="PathMaker.cpp">
      <Filter>utl\File System</Filter>
    </ClCompile>
    <ClCompile Include="PathRenamePairs.cpp">
      <Filter>utl\File System</Filter>
    </ClCompile>
    <ClCompile Include="PathUniqueMaker.cpp">
      <Filter>utl\File System</Filter>
    </ClCompile>
    <ClCompile Include="StructuredStorage.cpp">
      <Filter>utl\File System</Filter>
    </ClCompile>
    <ClCompile Include="Io_fwd.cpp">
      <Filter>utl\Input/Output</Filter>
    </ClCompile>
    <ClCompile Include="IoBin.cpp">
      <Filter>utl\Input/Output</Filter>
    </ClCompile>
    <ClCompile Include="StdOutput.cpp">
      <Filter>utl\Input/Output</Filter>
    </ClCompile>
    <ClCompile Include="TextEncoding.cpp">
      <Filter>utl\Input/Output</Filter>
    </ClCompile>
    <ClCompile Include="DuplicateFileItem.cpp">
      <Filter>utl\Model</Filter>
    </ClCompile>
    <ClCompile Include="DuplicateFilesEnumerator.cpp">
      <Filter>utl\Model</Filter>
    </ClCompile>
    <ClCompile Include="FileStateEnumerator.cpp">
      <Filter>utl\Model</Filter>
    </ClCompile>
    <ClCompile Include="FileStateItem.cpp">
      <Filter>utl\Model</Filter>
    </ClCompile>
    <ClCompile Include="PathItemBase.cpp">
      <Filter>utl\Model</Filter>
    </ClCompile>
    <ClCompile Include="Command.cpp">
      <Filter>utl\Pattern</Filter>
    </ClCompile>
    <ClCompile Include="CommandModel.cpp">
      <Filter>utl\Pattern</Filter>
    </ClCompile>
    <ClCompile Include="CommandService.cpp">
      <Filter>utl\Pattern</Filter>
    </ClCompile>
    <ClCompile Include="IProgressService.cpp">
      <Filter>utl\Pattern</Filter>
    </ClCompile>
    <ClCompile Include="Subject.cpp">
      <Filter>utl\Pattern</Filter>
    </ClCompile>
    <ClCompile Include="IniFile.cpp">
      <Filter>utl\Registry</Filter>
    </ClCompile>
    <ClCompile Include="IniFileRegistrySection.cpp">
      <Filter>utl\Registry</Filter>
    </ClCompile>
    <ClCompile Include="PropertyLineReader.cpp">
      <Filter>utl\Registry</Filter>
    </ClCompile>
    <ClCompile Include="Registry.cpp">
      <Filter>utl\Registry</Filter>
    </ClCompile>
    <ClCompile Include="Serialization.cpp">
      <Filter>utl\Serialize</Filter>
    </ClCompile>
    <ClCompile Include="StdHashValue.cpp">
      <Filter>Source Files</Filter>
    </ClCompile>
    <ClCompile Include="test\MockObject.cpp">
      <Filter>Unit Testing</Filter>
    </ClCompile>
    <ClCompile Include="test\Test.cpp">
      <Filter>Unit Testing</Filter>
    </ClCompile>
    <ClCompile Include="test\UnitTest.cpp">
      <Filter>Unit Testing</Filter>
    </ClCompile>
    <ClCompile Include="test\EnvironmentTests.cpp">
      <Filter>Tests</Filter>
    </ClCompile>
    <ClCompile Include="test\LanguageTests.cpp">
      <Filter>Tests</Filter>
    </ClCompile>
    <ClCompile Include="Language.cpp">
      <Filter>utl\code</Filter>
    </ClCompile>
    <ClCompile Include="RegAutomationSvr.cpp">
      <Filter>utl\Registry</Filter>
    </ClCompile>
    <ClCompile Include="test\StringCompareTests.cpp">
      <Filter>Tests</Filter>
    </ClCompile>
    <ClCompile Include="test\GridLayoutTests.cpp">
      <Filter>Tests</Filter>
    </ClCompile>
    <ClCompile Include="HeaderIncludes.cpp">
      <Filter>Source Files</Filter>
    </ClCompile>
    <ClCompile Include="DebugTrace.cpp">
      <Filter>utl</Filter>
    </ClCompile>
    <ClCompile Include="test\TraceTests.cpp">
      <Filter>Tests</Filter>
    </ClCompile>
  </ItemGroup>
  <ItemGroup>
    <Text Include="UTL Libraries.txt" />
  </ItemGroup>
  <ItemGroup>
    <None Include="cpp.hint" />
  </ItemGroup>
</Project>