
Microsoft Visual Studio Solution File, Format Version 12.00
# Visual Studio Version 17
VisualStudioVersion = 17.14.36121.58
MinimumVisualStudioVersion = 10.0.40219.1
Project("{8BC9CEB8-8B4A-11D0-8D11-00A0C91BC942}") = "DemoUtl", "..\DemoUtl\DemoUtl_vc17.vcxproj", "{B4F88CF2-47FC-4255-9E3A-6E3A55EA84EB}"
EndProject
Project("{8BC9CEB8-8B4A-11D0-8D11-00A0C91BC942}") = "TesterUtlBase", "..\TesterUtlBase\TesterUtlBase_vc17.vcxproj", "{AAE6B3D8-7F5D-4554-A6F9-82EE9543C03E}"
EndProject
Project("{8BC9CEB8-8B4A-11D0-8D11-00A0C91BC942}") = "UTL_BASE", "..\utl\UTL_BASE_vc17.vcxproj", "{BD40F5CD-069F-428F-8E05-BA1B85940A9C}"
EndProject
Project("{8BC9CEB8-8B4A-11D0-8D11-00A0C91BC942}") = "UTL_UI", "..\utl\UI\UTL_UI_vc17.vcxproj", "{CED87D7E-E07C-4158-BCDB-D3DCF1ACF42C}"
EndProject
Project("{8BC9CEB8-8B4A-11D0-8D11-00A0C91BC942}") = "DateTimeDisplay", "..\..\DateTimeDisplay\DateTimeDisplay_vc17.vcxproj", "{5C8F7819-2B55-4D24-A93D-2B63F9CE756D}"
EndProject
Project("{8BC9CEB8-8B4A-11D0-8D11-00A0C91BC942}") = "IDETools", "..\..\IDETools\IDETools_vc17.vcxproj", "{D2C7B1B4-6864-42AA-AF4D-C44B5D6CAD31}"
EndProject
Project("{8BC9CEB8-8B4A-11D0-8D11-00A0C91BC942}") = "ShellContextMenu_Demo", "..\..\other\ShellContextMenu\ShellContextMenu_Demo_vc17.vcxproj", "{F214F7B9-2435-40FE-BB79-1DEC9BE24A54}"
EndProject
Project("{8BC9CEB8-8B4A-11D0-8D11-00A0C91BC942}") = "Slider", "..\..\Slider\Slider_vc17.vcxproj", "{E6C00AB5-5960-4118-A70E-205BE39062BA}"
EndProject
Project("{8BC9CEB8-8B4A-11D0-8D11-00A0C91BC942}") = "VisualThemeViewer", "..\..\VisualThemeViewer\VisualThemeViewer_vc17.vcxproj", "{A6F2BC00-A7CC-4454-9995-FFE315953AA2}"
EndProject
Project("{8BC9CEB8-8B4A-11D0-8D11-00A0C91BC942}") = "Wintruder", "..\..\Wintruder\Wintruder_vc17.vcxproj", "{91F95A2B-459B-40D7-5F31-F3145F1B2D64}"
EndProject
Project("{8BC9CEB8-8B4A-11D0-8D11-00A0C91BC942}") = "ShellGoodies", "..\..\ShellGoodies\ShellGoodies_vc17.vcxproj", "{613C4BC9-DD62-458F-B720-4812838B855C}"
EndProject
Project("{8BC9CEB8-8B4A-11D0-8D11-00A0C91BC942}") = "StampBuildVersion", "..\..\cmd_line\StampBuildVersion\StampBuildVersion_vc17.vcxproj", "{F8FC3A4A-D533-41CE-8AEC-FFDFBC98F327}"
EndProject
Project("{2150E333-8FDC-42A3-9474-1A3956D46DE8}") = "cmd_line", "cmd_line", "{02EA681E-C7D8-13C7-8484-4AC65E1B71E8}"
EndProject
Project("{2150E333-8FDC-42A3-9474-1A3956D46DE8}") = "COM Servers", "COM Servers", "{563F6CF8-F73D-4F50-9F8F-23957B1DAEDA}"
EndProject
Project("{2150E333-8FDC-42A3-9474-1A3956D46DE8}") = "other", "other", "{235DC59E-6315-43CD-A953-702260064E89}"
EndProject
Project("{2150E333-8FDC-42A3-9474-1A3956D46DE8}") = "UTL Framework", "UTL Framework", "{1B83F45B-AD10-4749-8116-495C531E3163}"
EndProject
Project("{8BC9CEB8-8B4A-11D0-8D11-00A0C91BC942}") = "SpyFindWindow", "..\..\SpyFindWindow\SpyFindWindow_vc17.vcxproj", "{29B94E56-D65F-4D7D-B971-B6AD91192D9A}"
EndProject
Project("{2150E333-8FDC-42A3-9474-1A3956D46DE8}") = "_main", "_main", "{6ED30EE2-183B-4774-867D-4D5951217903}"
EndProject
Project("{8BC9CEB8-8B4A-11D0-8D11-00A0C91BC942}") = "TransferFiles", "..\..\cmd_line\TransferFiles\TransferFiles_vc17.vcxproj", "{60F0F8FB-DFCE-4931-9403-2F17F333765C}"
EndProject
Project("{8BC9CEB8-8B4A-11D0-8D11-00A0C91BC942}") = "TreePlus", "..\..\cmd_line\TreePlus\TreePlus_vc17.vcxproj", "{1650995D-2259-426E-A835-12405E2E201E}"
EndProject
Global
	GlobalSection(SolutionConfigurationPlatforms) = preSolution
		DebugU|win32 = DebugU|win32
		DebugU|x64 = DebugU|x64
		ReleaseU|win32 = ReleaseU|win32
		ReleaseU|x64 = ReleaseU|x64
	EndGlobalSection
	GlobalSection(ProjectConfigurationPlatforms) = postSolution
		{B4F88CF2-47FC-4255-9E3A-6E3A55EA84EB}.DebugU|win32.ActiveCfg = DebugU|Win32
		{B4F88CF2-47FC-4255-9E3A-6E3A55EA84EB}.DebugU|win32.Build.0 = DebugU|Win32
		{B4F88CF2-47FC-4255-9E3A-6E3A55EA84EB}.DebugU|x64.ActiveCfg = DebugU|x64
		{B4F88CF2-47FC-4255-9E3A-6E3A55EA84EB}.DebugU|x64.Build.0 = DebugU|x64
		{B4F88CF2-47FC-4255-9E3A-6E3A55EA84EB}.ReleaseU|win32.ActiveCfg = ReleaseU|Win32
		{B4F88CF2-47FC-4255-9E3A-6E3A55EA84EB}.ReleaseU|win32.Build.0 = ReleaseU|Win32
		{B4F88CF2-47FC-4255-9E3A-6E3A55EA84EB}.ReleaseU|x64.ActiveCfg = ReleaseU|x64
		{B4F88CF2-47FC-4255-9E3A-6E3A55EA84EB}.ReleaseU|x64.Build.0 = ReleaseU|x64
		{AAE6B3D8-7F5D-4554-A6F9-82EE9543C03E}.DebugU|win32.ActiveCfg = DebugU|Win32
		{AAE6B3D8-7F5D-4554-A6F9-82EE9543C03E}.DebugU|win32.Build.0 = DebugU|Win32
		{AAE6B3D8-7F5D-4554-A6F9-82EE9543C03E}.DebugU|x64.ActiveCfg = DebugU|x64
		{AAE6B3D8-7F5D-4554-A6F9-82EE9543C03E}.DebugU|x64.Build.0 = DebugU|x64
		{AAE6B3D8-7F5D-4554-A6F9-82EE9543C03E}.ReleaseU|win32.ActiveCfg = ReleaseU|Win32
		{AAE6B3D8-7F5D-4554-A6F9-82EE9543C03E}.ReleaseU|win32.Build.0 = ReleaseU|Win32
		{AAE6B3D8-7F5D-4554-A6F9-82EE9543C03E}.ReleaseU|x64.ActiveCfg = ReleaseU|x64
		{AAE6B3D8-7F5D-4554-A6F9-82EE9543C03E}.ReleaseU|x64.Build.0 = ReleaseU|x64
		{BD40F5CD-069F-428F-8E05-BA1B85940A9C}.DebugU|win32.ActiveCfg = DebugU|Win32
		{BD40F5CD-069F-428F-8E05-BA1B85940A9C}.DebugU|win32.Build.0 = DebugU|Win32
		{BD40F5CD-069F-428F-8E05-BA1B85940A9C}.DebugU|x64.ActiveCfg = DebugU|x64
		{BD40F5CD-069F-428F-8E05-BA1B85940A9C}.DebugU|x64.Build.0 = DebugU|x64
		{BD40F5CD-069F-428F-8E05-BA1B85940A9C}.ReleaseU|win32.ActiveCfg = ReleaseU|Win32
		{BD40F5CD-069F-428F-8E05-BA1B85940A9C}.ReleaseU|win32.Build.0 = ReleaseU|Win32
		{BD40F5CD-069F-428F-8E05-BA1B85940A9C}.ReleaseU|x64.ActiveCfg = ReleaseU|x64
		{BD40F5CD-069F-428F-8E05-BA1B85940A9C}.ReleaseU|x64.Build.0 = ReleaseU|x64
		{CED87D7E-E07C-4158-BCDB-D3DCF1ACF42C}.DebugU|win32.ActiveCfg = DebugU|Win32
		{CED87D7E-E07C-4158-BCDB-D3DCF1ACF42C}.DebugU|win32.Build.0 = DebugU|Win32
		{CED87D7E-E07C-4158-BCDB-D3DCF1ACF42C}.DebugU|x64.ActiveCfg = DebugU|x64
		{CED87D7E-E07C-4158-BCDB-D3DCF1ACF42C}.DebugU|x64.Build.0 = DebugU|x64
		{CED87D7E-E07C-4158-BCDB-D3DCF1ACF42C}.ReleaseU|win32.ActiveCfg = ReleaseU|Win32
		{CED87D7E-E07C-4158-BCDB-D3DCF1ACF42C}.ReleaseU|win32.Build.0 = ReleaseU|Win32
		{CED87D7E-E07C-4158-BCDB-D3DCF1ACF42C}.ReleaseU|x64.ActiveCfg = ReleaseU|x64
		{CED87D7E-E07C-4158-BCDB-D3DCF1ACF42C}.ReleaseU|x64.Build.0 = ReleaseU|x64
		{5C8F7819-2B55-4D24-A93D-2B63F9CE756D}.DebugU|win32.ActiveCfg = DebugU|Win32
		{5C8F7819-2B55-4D24-A93D-2B63F9CE756D}.DebugU|win32.Build.0 = DebugU|Win32
		{5C8F7819-2B55-4D24-A93D-2B63F9CE756D}.DebugU|x64.ActiveCfg = DebugU|x64
		{5C8F7819-2B55-4D24-A93D-2B63F9CE756D}.DebugU|x64.Build.0 = DebugU|x64
		{5C8F7819-2B55-4D24-A93D-2B63F9CE756D}.ReleaseU|win32.ActiveCfg = ReleaseU|Win32
		{5C8F7819-2B55-4D24-A93D-2B63F9CE756D}.ReleaseU|win32.Build.0 = ReleaseU|Win32
		{5C8F7819-2B55-4D24-A93D-2B63F9CE756D}.ReleaseU|x64.ActiveCfg = ReleaseU|x64
		{5C8F7819-2B55-4D24-A93D-2B63F9CE756D}.ReleaseU|x64.Build.0 = ReleaseU|x64
		{D2C7B1B4-6864-42AA-AF4D-C44B5D6CAD31}.DebugU|win32.ActiveCfg = DebugU|Win32
		{D2C7B1B4-6864-42AA-AF4D-C44B5D6CAD31}.DebugU|win32.Build.0 = DebugU|Win32
		{D2C7B1B4-6864-42AA-AF4D-C44B5D6CAD31}.DebugU|x64.ActiveCfg = DebugU|x64
		{D2C7B1B4-6864-42AA-AF4D-C44B5D6CAD31}.DebugU|x64.Build.0 = DebugU|x64
		{D2C7B1B4-6864-42AA-AF4D-C44B5D6CAD31}.ReleaseU|win32.ActiveCfg = ReleaseU|Win32
		{D2C7B1B4-6864-42AA-AF4D-C44B5D6CAD31}.ReleaseU|win32.Build.0 = ReleaseU|Win32
		{D2C7B1B4-6864-42AA-AF4D-C44B5D6CAD31}.ReleaseU|x64.ActiveCfg = ReleaseU|x64
		{D2C7B1B4-6864-42AA-AF4D-C44B5D6CAD31}.ReleaseU|x64.Build.0 = ReleaseU|x64
		{F214F7B9-2435-40FE-BB79-1DEC9BE24A54}.DebugU|win32.ActiveCfg = DebugU|Win32
		{F214F7B9-2435-40FE-BB79-1DEC9BE24A54}.DebugU|win32.Build.0 = DebugU|Win32
		{F214F7B9-2435-40FE-BB79-1DEC9BE24A54}.DebugU|x64.ActiveCfg = DebugU|x64
		{F214F7B9-2435-40FE-BB79-1DEC9BE24A54}.DebugU|x64.Build.0 = DebugU|x64
		{F214F7B9-2435-40FE-BB79-1DEC9BE24A54}.ReleaseU|win32.ActiveCfg = ReleaseU|Win32
		{F214F7B9-2435-40FE-BB79-1DEC9BE24A54}.ReleaseU|win32.Build.0 = ReleaseU|Win32
		{F214F7B9-2435-40FE-BB79-1DEC9BE24A54}.ReleaseU|x64.ActiveCfg = ReleaseU|x64
		{F214F7B9-2435-40FE-BB79-1DEC9BE24A54}.ReleaseU|x64.Build.0 = ReleaseU|x64
		{E6C00AB5-5960-4118-A70E-205BE39062BA}.DebugU|win32.ActiveCfg = DebugU|Win32
		{E6C00AB5-5960-4118-A70E-205BE39062BA}.DebugU|win32.Build.0 = DebugU|Win32
		{E6C00AB5-5960-4118-A70E-205BE39062BA}.DebugU|x64.ActiveCfg = DebugU|x64
		{E6C00AB5-5960-4118-A70E-205BE39062BA}.DebugU|x64.Build.0 = DebugU|x64
		{E6C00AB5-5960-4118-A70E-205BE39062BA}.ReleaseU|win32.ActiveCfg = ReleaseU|Win32
		{E6C00AB5-5960-4118-A70E-205BE39062BA}.ReleaseU|win32.Build.0 = ReleaseU|Win32
		{E6C00AB5-5960-4118-A70E-205BE39062BA}.ReleaseU|x64.ActiveCfg = ReleaseU|x64
		{E6C00AB5-5960-4118-A70E-205BE39062BA}.ReleaseU|x64.Build.0 = ReleaseU|x64
		{A6F2BC00-A7CC-4454-9995-FFE315953AA2}.DebugU|win32.ActiveCfg = DebugU|Win32
		{A6F2BC00-A7CC-4454-9995-FFE315953AA2}.DebugU|win32.Build.0 = DebugU|Win32
		{A6F2BC00-A7CC-4454-9995-FFE315953AA2}.DebugU|x64.ActiveCfg = DebugU|x64
		{A6F2BC00-A7CC-4454-9995-FFE315953AA2}.DebugU|x64.Build.0 = DebugU|x64
		{A6F2BC00-A7CC-4454-9995-FFE315953AA2}.ReleaseU|win32.ActiveCfg = ReleaseU|Win32
		{A6F2BC00-A7CC-4454-9995-FFE315953AA2}.ReleaseU|win32.Build.0 = ReleaseU|Win32
		{A6F2BC00-A7CC-4454-9995-FFE315953AA2}.ReleaseU|x64.ActiveCfg = ReleaseU|x64
		{A6F2BC00-A7CC-4454-9995-FFE315953AA2}.ReleaseU|x64.Build.0 = ReleaseU|x64
		{91F95A2B-459B-40D7-5F31-F3145F1B2D64}.DebugU|win32.ActiveCfg = DebugU|Win32
		{91F95A2B-459B-40D7-5F31-F3145F1B2D64}.DebugU|win32.Build.0 = DebugU|Win32
		{91F95A2B-459B-40D7-5F31-F3145F1B2D64}.DebugU|x64.ActiveCfg = DebugU|x64
		{91F95A2B-459B-40D7-5F31-F3145F1B2D64}.DebugU|x64.Build.0 = DebugU|x64
		{91F95A2B-459B-40D7-5F31-F3145F1B2D64}.ReleaseU|win32.ActiveCfg = ReleaseU|Win32
		{91F95A2B-459B-40D7-5F31-F3145F1B2D64}.ReleaseU|win32.Build.0 = ReleaseU|Win32
		{91F95A2B-459B-40D7-5F31-F3145F1B2D64}.ReleaseU|x64.ActiveCfg = ReleaseU|x64
		{91F95A2B-459B-40D7-5F31-F3145F1B2D64}.ReleaseU|x64.Build.0 = ReleaseU|x64
		{613C4BC9-DD62-458F-B720-4812838B855C}.DebugU|win32.ActiveCfg = DebugU|Win32
		{613C4BC9-DD62-458F-B720-4812838B855C}.DebugU|win32.Build.0 = DebugU|Win32
		{613C4BC9-DD62-458F-B720-4812838B855C}.DebugU|x64.ActiveCfg = DebugU|x64
		{613C4BC9-DD62-458F-B720-4812838B855C}.DebugU|x64.Build.0 = DebugU|x64
		{613C4BC9-DD62-458F-B720-4812838B855C}.ReleaseU|win32.ActiveCfg = ReleaseU|Win32
		{613C4BC9-DD62-458F-B720-4812838B855C}.ReleaseU|win32.Build.0 = ReleaseU|Win32
		{613C4BC9-DD62-458F-B720-4812838B855C}.ReleaseU|x64.ActiveCfg = ReleaseU|x64
		{613C4BC9-DD62-458F-B720-4812838B855C}.ReleaseU|x64.Build.0 = ReleaseU|x64
		{F8FC3A4A-D533-41CE-8AEC-FFDFBC98F327}.DebugU|win32.ActiveCfg = DebugU|Win32
		{F8FC3A4A-D533-41CE-8AEC-FFDFBC98F327}.DebugU|win32.Build.0 = DebugU|Win32
		{F8FC3A4A-D533-41CE-8AEC-FFDFBC98F327}.DebugU|x64.ActiveCfg = DebugU|x64
		{F8FC3A4A-D533-41CE-8AEC-FFDFBC98F327}.DebugU|x64.Build.0 = DebugU|x64
		{F8FC3A4A-D533-41CE-8AEC-FFDFBC98F327}.ReleaseU|win32.ActiveCfg = ReleaseU|Win32
		{F8FC3A4A-D533-41CE-8AEC-FFDFBC98F327}.ReleaseU|win32.Build.0 = ReleaseU|Win32
		{F8FC3A4A-D533-41CE-8AEC-FFDFBC98F327}.ReleaseU|x64.ActiveCfg = ReleaseU|x64
		{F8FC3A4A-D533-41CE-8AEC-FFDFBC98F327}.ReleaseU|x64.Build.0 = ReleaseU|x64
		{29B94E56-D65F-4D7D-B971-B6AD91192D9A}.DebugU|win32.ActiveCfg = DebugU|Win32
		{29B94E56-D65F-4D7D-B971-B6AD91192D9A}.DebugU|win32.Build.0 = DebugU|Win32
		{29B94E56-D65F-4D7D-B971-B6AD91192D9A}.DebugU|x64.ActiveCfg = DebugU|x64
		{29B94E56-D65F-4D7D-B971-B6AD91192D9A}.DebugU|x64.Build.0 = DebugU|x64
		{29B94E56-D65F-4D7D-B971-B6AD91192D9A}.ReleaseU|win32.ActiveCfg = ReleaseU|Win32
		{29B94E56-D65F-4D7D-B971-B6AD91192D9A}.ReleaseU|win32.Build.0 = ReleaseU|Win32
		{29B94E56-D65F-4D7D-B971-B6AD91192D9A}.ReleaseU|x64.ActiveCfg = ReleaseU|x64
		{29B94E56-D65F-4D7D-B971-B6AD91192D9A}.ReleaseU|x64.Build.0 = ReleaseU|x64
		{60F0F8FB-DFCE-4931-9403-2F17F333765C}.DebugU|win32.ActiveCfg = DebugU|Win32
		{60F0F8FB-DFCE-4931-9403-2F17F333765C}.DebugU|win32.Build.0 = DebugU|Win32
		{60F0F8FB-DFCE-4931-9403-2F17F333765C}.DebugU|x64.ActiveCfg = DebugU|x64
		{60F0F8FB-DFCE-4931-9403-2F17F333765C}.DebugU|x64.Build.0 = DebugU|x64
		{60F0F8FB-DFCE-4931-9403-2F17F333765C}.ReleaseU|win32.ActiveCfg = ReleaseU|Win32
		{60F0F8FB-DFCE-4931-9403-2F17F333765C}.ReleaseU|win32.Build.0 = ReleaseU|Win32
		{60F0F8FB-DFCE-4931-9403-2F17F333765C}.ReleaseU|x64.ActiveCfg = ReleaseU|x64
		{60F0F8FB-DFCE-4931-9403-2F17F333765C}.ReleaseU|x64.Build.0 = ReleaseU|x64
		{1650995D-2259-426E-A835-12405E2E201E}.DebugU|win32.ActiveCfg = DebugU|Win32
		{1650995D-2259-426E-A835-12405E2E201E}.DebugU|win32.Build.0 = DebugU|Win32
		{1650995D-2259-426E-A835-12405E2E201E}.DebugU|x64.ActiveCfg = DebugU|x64
		{1650995D-2259-426E-A835-12405E2E201E}.DebugU|x64.Build.0 = DebugU|x64
		{1650995D-2259-426E-A835-12405E2E201E}.ReleaseU|win32.ActiveCfg = ReleaseU|Win32
		{1650995D-2259-426E-A835-12405E2E201E}.ReleaseU|win32.Build.0 = ReleaseU|Win32
		{1650995D-2259-426E-A835-12405E2E201E}.ReleaseU|x64.ActiveCfg = ReleaseU|x64
		{1650995D-2259-426E-A835-12405E2E201E}.ReleaseU|x64.Build.0 = ReleaseU|x64
	EndGlobalSection
	GlobalSection(SolutionProperties) = preSolution
		HideSolutionNode = FALSE
	EndGlobalSection
	GlobalSection(NestedProjects) = preSolution
		{B4F88CF2-47FC-4255-9E3A-6E3A55EA84EB} = {1B83F45B-AD10-4749-8116-495C531E3163}
		{AAE6B3D8-7F5D-4554-A6F9-82EE9543C03E} = {1B83F45B-AD10-4749-8116-495C531E3163}
		{BD40F5CD-069F-428F-8E05-BA1B85940A9C} = {1B83F45B-AD10-4749-8116-495C531E3163}
		{CED87D7E-E07C-4158-BCDB-D3DCF1ACF42C} = {1B83F45B-AD10-4749-8116-495C531E3163}
		{5C8F7819-2B55-4D24-A93D-2B63F9CE756D} = {6ED30EE2-183B-4774-867D-4D5951217903}
		{D2C7B1B4-6864-42AA-AF4D-C44B5D6CAD31} = {563F6CF8-F73D-4F50-9F8F-23957B1DAEDA}
		{F214F7B9-2435-40FE-BB79-1DEC9BE24A54} = {235DC59E-6315-43CD-A953-702260064E89}
		{E6C00AB5-5960-4118-A70E-205BE39062BA} = {6ED30EE2-183B-4774-867D-4D5951217903}
		{A6F2BC00-A7CC-4454-9995-FFE315953AA2} = {6ED30EE2-183B-4774-867D-4D5951217903}
		{91F95A2B-459B-40D7-5F31-F3145F1B2D64} = {6ED30EE2-183B-4774-867D-4D5951217903}
		{613C4BC9-DD62-458F-B720-4812838B855C} = {563F6CF8-F73D-4F50-9F8F-23957B1DAEDA}
		{F8FC3A4A-D533-41CE-8AEC-FFDFBC98F327} = {02EA681E-C7D8-13C7-8484-4AC65E1B71E8}
		{29B94E56-D65F-4D7D-B971-B6AD91192D9A} = {235DC59E-6315-43CD-A953-702260064E89}
		{60F0F8FB-DFCE-4931-9403-2F17F333765C} = {02EA681E-C7D8-13C7-8484-4AC65E1B71E8}
		{1650995D-2259-426E-A835-12405E2E201E} = {02EA681E-C7D8-13C7-8484-4AC65E1B71E8}
	EndGlobalSection
	GlobalSection(ExtensibilityGlobals) = postSolution
		SolutionGuid = {1EB7B167-7C15-4DC1-9398-42D9574BB118}
	EndGlobalSection
EndGlobal
