
Microsoft Visual Studio Solution File, Format Version 12.00
# Visual Studio Version 17
VisualStudioVersion = 17.14.36121.58
MinimumVisualStudioVersion = 10.0.40219.1
Project("{8BC9CEB8-8B4A-11D0-8D11-00A0C91BC942}") = "DemoUtl", "..\DemoUtl\DemoUtl_vc17.vcxproj", "{B4F88CF2-47FC-4255-9E3A-6E3A55EA84EB}"
EndProject
Project("{8BC9CEB8-8B4A-11D0-8D11-00A0C91BC942}") = "TesterUtlBase", "..\TesterUtlBase\TesterUtlBase_vc17.vcxproj", "{AAE6B3D8-7F5D-4554-A6F9-82EE9543C03E}"
EndProject
Project("{8BC9CEB8-8B4A-11D0-8D11-00A0C91BC942}") = "UTL_BASE", "..\utl\UTL_BASE_vc17.vcxproj", "{BD40F5CD-069F-428F-8E05-BA1B85940A9C}"
EndProject
Project("{8BC9CEB8-8B4A-11D0-8D11-00A0C91BC942}") = "UTL_UI", "..\utl\UI\UTL_UI_vc17.vcxproj", "{CED87D7E-E07C-4158-BCDB-D3DCF1ACF42C}"
EndProject
Project("{8BC9CEB8-8B4A-11D0-8D11-00A0C91BC942}") = "DateTimeDisplay", "..\..\DateTimeDisplay\DateTimeDisplay_vc17.vcxproj", "{5C8F7819-2B55-4D24-A93D-2B63F9CE756D}"
EndProject
Project("{8BC9CEB8-8B4A-11D0-8D11-00A0C91BC942}") = "IDETools", "..\..\IDETools\IDETools_vc17.vcxproj", "{D2C7B1B4-6864-42AA-AF4D-C44B5D6CAD31}"
EndProject
Project("{8BC9CEB8-8B4A-11D0-8D11-00A0C91BC942}") = "ShellContextMenu_Demo", "..\..\other\ShellContextMenu\ShellContextMenu_Demo_vc17.vcxproj", "{F214F7B9-2435-40FE-BB79-1DEC9BE24A54}"
EndProject
Project("{8BC9CEB8-8B4A-11D0-8D11-00A0C91BC942}") = "Slider", "..\..\Slider\Slider_vc17.vcxproj", "{E6C00AB5-5960-4118-A70E-205BE39062BA}"
EndProject
Project("{8BC9CEB8-8B4A-11D0-8D11-00A0C91BC942}") = "VisualThemeViewer", "..\..\VisualThemeViewer\VisualThemeViewer_vc17.vcxproj", "{A6F2BC00-A7CC-4454-9995-FFE315953AA2}"
EndProject
Project("{8BC9CEB8-8B4A-11D0-8D11-00A0C91BC942}") = "Wintruder", "..\..\Wintruder\Wintruder_vc17.vcxproj", "{91F95A2B-459B-40D7-5F31-F3145F1B2D64}"
EndProject
Global
	GlobalSection(SolutionConfigurationPlatforms) = preSolution
		DebugU|x64 = DebugU|x64
		DebugU|x86 = DebugU|x86
		ReleaseU|x64 = ReleaseU|x64
		ReleaseU|x86 = ReleaseU|x86
	EndGlobalSection
	GlobalSection(ProjectConfigurationPlatforms) = postSolution
		{B4F88CF2-47FC-4255-9E3A-6E3A55EA84EB}.DebugU|x64.ActiveCfg = DebugU|x64
		{B4F88CF2-47FC-4255-9E3A-6E3A55EA84EB}.DebugU|x64.Build.0 = DebugU|x64
		{B4F88CF2-47FC-4255-9E3A-6E3A55EA84EB}.DebugU|x86.ActiveCfg = DebugU|Win32
		{B4F88CF2-47FC-4255-9E3A-6E3A55EA84EB}.DebugU|x86.Build.0 = DebugU|Win32
		{B4F88CF2-47FC-4255-9E3A-6E3A55EA84EB}.ReleaseU|x64.ActiveCfg = ReleaseU|x64
		{B4F88CF2-47FC-4255-9E3A-6E3A55EA84EB}.ReleaseU|x64.Build.0 = ReleaseU|x64
		{B4F88CF2-47FC-4255-9E3A-6E3A55EA84EB}.ReleaseU|x86.ActiveCfg = ReleaseU|Win32
		{B4F88CF2-47FC-4255-9E3A-6E3A55EA84EB}.ReleaseU|x86.Build.0 = ReleaseU|Win32
		{AAE6B3D8-7F5D-4554-A6F9-82EE9543C03E}.DebugU|x64.ActiveCfg = DebugU|x64
		{AAE6B3D8-7F5D-4554-A6F9-82EE9543C03E}.DebugU|x64.Build.0 = DebugU|x64
		{AAE6B3D8-7F5D-4554-A6F9-82EE9543C03E}.DebugU|x86.ActiveCfg = DebugU|Win32
		{AAE6B3D8-7F5D-4554-A6F9-82EE9543C03E}.DebugU|x86.Build.0 = DebugU|Win32
		{AAE6B3D8-7F5D-4554-A6F9-82EE9543C03E}.ReleaseU|x64.ActiveCfg = ReleaseU|x64
		{AAE6B3D8-7F5D-4554-A6F9-82EE9543C03E}.ReleaseU|x64.Build.0 = ReleaseU|x64
		{AAE6B3D8-7F5D-4554-A6F9-82EE9543C03E}.ReleaseU|x86.ActiveCfg = ReleaseU|Win32
		{AAE6B3D8-7F5D-4554-A6F9-82EE9543C03E}.ReleaseU|x86.Build.0 = ReleaseU|Win32
		{BD40F5CD-069F-428F-8E05-BA1B85940A9C}.DebugU|x64.ActiveCfg = DebugU|x64
		{BD40F5CD-069F-428F-8E05-BA1B85940A9C}.DebugU|x64.Build.0 = DebugU|x64
		{BD40F5CD-069F-428F-8E05-BA1B85940A9C}.DebugU|x86.ActiveCfg = DebugU|Win32
		{BD40F5CD-069F-428F-8E05-BA1B85940A9C}.DebugU|x86.Build.0 = DebugU|Win32
		{BD40F5CD-069F-428F-8E05-BA1B85940A9C}.ReleaseU|x64.ActiveCfg = ReleaseU|x64
		{BD40F5CD-069F-428F-8E05-BA1B85940A9C}.ReleaseU|x64.Build.0 = ReleaseU|x64
		{BD40F5CD-069F-428F-8E05-BA1B85940A9C}.ReleaseU|x86.ActiveCfg = ReleaseU|Win32
		{BD40F5CD-069F-428F-8E05-BA1B85940A9C}.ReleaseU|x86.Build.0 = ReleaseU|Win32
		{CED87D7E-E07C-4158-BCDB-D3DCF1ACF42C}.DebugU|x64.ActiveCfg = DebugU|x64
		{CED87D7E-E07C-4158-BCDB-D3DCF1ACF42C}.DebugU|x64.Build.0 = DebugU|x64
		{CED87D7E-E07C-4158-BCDB-D3DCF1ACF42C}.DebugU|x86.ActiveCfg = DebugU|Win32
		{CED87D7E-E07C-4158-BCDB-D3DCF1ACF42C}.DebugU|x86.Build.0 = DebugU|Win32
		{CED87D7E-E07C-4158-BCDB-D3DCF1ACF42C}.ReleaseU|x64.ActiveCfg = ReleaseU|x64
		{CED87D7E-E07C-4158-BCDB-D3DCF1ACF42C}.ReleaseU|x64.Build.0 = ReleaseU|x64
		{CED87D7E-E07C-4158-BCDB-D3DCF1ACF42C}.ReleaseU|x86.ActiveCfg = ReleaseU|Win32
		{CED87D7E-E07C-4158-BCDB-D3DCF1ACF42C}.ReleaseU|x86.Build.0 = ReleaseU|Win32
		{5C8F7819-2B55-4D24-A93D-2B63F9CE756D}.DebugU|x64.ActiveCfg = DebugU|x64
		{5C8F7819-2B55-4D24-A93D-2B63F9CE756D}.DebugU|x64.Build.0 = DebugU|x64
		{5C8F7819-2B55-4D24-A93D-2B63F9CE756D}.DebugU|x86.ActiveCfg = DebugU|Win32
		{5C8F7819-2B55-4D24-A93D-2B63F9CE756D}.DebugU|x86.Build.0 = DebugU|Win32
		{5C8F7819-2B55-4D24-A93D-2B63F9CE756D}.ReleaseU|x64.ActiveCfg = ReleaseU|x64
		{5C8F7819-2B55-4D24-A93D-2B63F9CE756D}.ReleaseU|x64.Build.0 = ReleaseU|x64
		{5C8F7819-2B55-4D24-A93D-2B63F9CE756D}.ReleaseU|x86.ActiveCfg = ReleaseU|Win32
		{5C8F7819-2B55-4D24-A93D-2B63F9CE756D}.ReleaseU|x86.Build.0 = ReleaseU|Win32
		{D2C7B1B4-6864-42AA-AF4D-C44B5D6CAD31}.DebugU|x64.ActiveCfg = DebugU|x64
		{D2C7B1B4-6864-42AA-AF4D-C44B5D6CAD31}.DebugU|x64.Build.0 = DebugU|x64
		{D2C7B1B4-6864-42AA-AF4D-C44B5D6CAD31}.DebugU|x86.ActiveCfg = DebugU|Win32
		{D2C7B1B4-6864-42AA-AF4D-C44B5D6CAD31}.DebugU|x86.Build.0 = DebugU|Win32
		{D2C7B1B4-6864-42AA-AF4D-C44B5D6CAD31}.ReleaseU|x64.ActiveCfg = ReleaseU|x64
		{D2C7B1B4-6864-42AA-AF4D-C44B5D6CAD31}.ReleaseU|x64.Build.0 = ReleaseU|x64
		{D2C7B1B4-6864-42AA-AF4D-C44B5D6CAD31}.ReleaseU|x86.ActiveCfg = ReleaseU|Win32
		{D2C7B1B4-6864-42AA-AF4D-C44B5D6CAD31}.ReleaseU|x86.Build.0 = ReleaseU|Win32
		{F214F7B9-2435-40FE-BB79-1DEC9BE24A54}.DebugU|x64.ActiveCfg = DebugU|x64
		{F214F7B9-2435-40FE-BB79-1DEC9BE24A54}.DebugU|x64.Build.0 = DebugU|x64
		{F214F7B9-2435-40FE-BB79-1DEC9BE24A54}.DebugU|x86.ActiveCfg = DebugU|Win32
		{F214F7B9-2435-40FE-BB79-1DEC9BE24A54}.DebugU|x86.Build.0 = DebugU|Win32
		{F214F7B9-2435-40FE-BB79-1DEC9BE24A54}.ReleaseU|x64.ActiveCfg = ReleaseU|x64
		{F214F7B9-2435-40FE-BB79-1DEC9BE24A54}.ReleaseU|x64.Build.0 = ReleaseU|x64
		{F214F7B9-2435-40FE-BB79-1DEC9BE24A54}.ReleaseU|x86.ActiveCfg = ReleaseU|Win32
		{F214F7B9-2435-40FE-BB79-1DEC9BE24A54}.ReleaseU|x86.Build.0 = ReleaseU|Win32
		{E6C00AB5-5960-4118-A70E-205BE39062BA}.DebugU|x64.ActiveCfg = DebugU|x64
		{E6C00AB5-5960-4118-A70E-205BE39062BA}.DebugU|x64.Build.0 = DebugU|x64
		{E6C00AB5-5960-4118-A70E-205BE39062BA}.DebugU|x86.ActiveCfg = DebugU|Win32
		{E6C00AB5-5960-4118-A70E-205BE39062BA}.DebugU|x86.Build.0 = DebugU|Win32
		{E6C00AB5-5960-4118-A70E-205BE39062BA}.ReleaseU|x64.ActiveCfg = ReleaseU|x64
		{E6C00AB5-5960-4118-A70E-205BE39062BA}.ReleaseU|x64.Build.0 = ReleaseU|x64
		{E6C00AB5-5960-4118-A70E-205BE39062BA}.ReleaseU|x86.ActiveCfg = ReleaseU|Win32
		{E6C00AB5-5960-4118-A70E-205BE39062BA}.ReleaseU|x86.Build.0 = ReleaseU|Win32
		{A6F2BC00-A7CC-4454-9995-FFE315953AA2}.DebugU|x64.ActiveCfg = DebugU|x64
		{A6F2BC00-A7CC-4454-9995-FFE315953AA2}.DebugU|x64.Build.0 = DebugU|x64
		{A6F2BC00-A7CC-4454-9995-FFE315953AA2}.DebugU|x86.ActiveCfg = DebugU|Win32
		{A6F2BC00-A7CC-4454-9995-FFE315953AA2}.DebugU|x86.Build.0 = DebugU|Win32
		{A6F2BC00-A7CC-4454-9995-FFE315953AA2}.ReleaseU|x64.ActiveCfg = ReleaseU|x64
		{A6F2BC00-A7CC-4454-9995-FFE315953AA2}.ReleaseU|x64.Build.0 = ReleaseU|x64
		{A6F2BC00-A7CC-4454-9995-FFE315953AA2}.ReleaseU|x86.ActiveCfg = ReleaseU|Win32
		{A6F2BC00-A7CC-4454-9995-FFE315953AA2}.ReleaseU|x86.Build.0 = ReleaseU|Win32
		{91F95A2B-459B-40D7-5F31-F3145F1B2D64}.DebugU|x64.ActiveCfg = DebugU|x64
		{91F95A2B-459B-40D7-5F31-F3145F1B2D64}.DebugU|x64.Build.0 = DebugU|x64
		{91F95A2B-459B-40D7-5F31-F3145F1B2D64}.DebugU|x86.ActiveCfg = DebugU|Win32
		{91F95A2B-459B-40D7-5F31-F3145F1B2D64}.DebugU|x86.Build.0 = DebugU|Win32
		{91F95A2B-459B-40D7-5F31-F3145F1B2D64}.ReleaseU|x64.ActiveCfg = ReleaseU|x64
		{91F95A2B-459B-40D7-5F31-F3145F1B2D64}.ReleaseU|x64.Build.0 = ReleaseU|x64
		{91F95A2B-459B-40D7-5F31-F3145F1B2D64}.ReleaseU|x86.ActiveCfg = ReleaseU|Win32
		{91F95A2B-459B-40D7-5F31-F3145F1B2D64}.ReleaseU|x86.Build.0 = ReleaseU|Win32
	EndGlobalSection
	GlobalSection(SolutionProperties) = preSolution
		HideSolutionNode = FALSE
	EndGlobalSection
	GlobalSection(ExtensibilityGlobals) = postSolution
		SolutionGuid = {1EB7B167-7C15-4DC1-9398-42D9574BB118}
	EndGlobalSection
EndGlobal
