
Microsoft Visual Studio Solution File, Format Version 10.00
# Visual Studio 2008
Project("{8BC9CEB8-8B4A-11D0-8D11-00A0C91BC942}") = "DemoUtl", "..\DemoUtl\DemoUtl_vc9.vcproj", "{FFFBC183-F23E-463B-84C7-D13FE0331FE1}"
	ProjectSection(ProjectDependencies) = postProject
		{41170314-6427-4CBA-B589-0EF552648693} = {41170314-6427-4CBA-B589-0EF552648693}
		{8B2AA3E4-1B23-48B6-AD2B-838FF7A5D89C} = {8B2AA3E4-1B23-48B6-AD2B-838FF7A5D89C}
	EndProjectSection
EndProject
Project("{8BC9CEB8-8B4A-11D0-8D11-00A0C91BC942}") = "FileRenShell", "..\..\FileRenShell\FileRenShell_vc9.vcproj", "{613C4BC9-DD62-458F-B720-4812838B855C}"
	ProjectSection(ProjectDependencies) = postProject
		{41170314-6427-4CBA-B589-0EF552648693} = {41170314-6427-4CBA-B589-0EF552648693}
		{8B2AA3E4-1B23-48B6-AD2B-838FF7A5D89C} = {8B2AA3E4-1B23-48B6-AD2B-838FF7A5D89C}
	EndProjectSection
EndProject
Project("{8BC9CEB8-8B4A-11D0-8D11-00A0C91BC942}") = "Wintruder", "..\..\Wintruder\Wintruder_vc9.vcproj", "{66B81F56-02AC-430B-8058-51AE15E2F89C}"
	ProjectSection(ProjectDependencies) = postProject
		{41170314-6427-4CBA-B589-0EF552648693} = {41170314-6427-4CBA-B589-0EF552648693}
		{8B2AA3E4-1B23-48B6-AD2B-838FF7A5D89C} = {8B2AA3E4-1B23-48B6-AD2B-838FF7A5D89C}
	EndProjectSection
EndProject
Project("{8BC9CEB8-8B4A-11D0-8D11-00A0C91BC942}") = "SpyFindWindow", "..\..\SpyFindWindow\SpyFindWindow_vc9.vcproj", "{29B94E56-D65F-4D7D-B971-B6AD91192D9A}"
	ProjectSection(ProjectDependencies) = postProject
		{41170314-6427-4CBA-B589-0EF552648693} = {41170314-6427-4CBA-B589-0EF552648693}
		{8B2AA3E4-1B23-48B6-AD2B-838FF7A5D89C} = {8B2AA3E4-1B23-48B6-AD2B-838FF7A5D89C}
	EndProjectSection
EndProject
Project("{8BC9CEB8-8B4A-11D0-8D11-00A0C91BC942}") = "TransferFiles", "..\..\TransferFiles\TransferFiles.vcproj", "{60F0F8FB-DFCE-4931-9403-2F17F333765C}"
	ProjectSection(ProjectDependencies) = postProject
		{8B2AA3E4-1B23-48B6-AD2B-838FF7A5D89C} = {8B2AA3E4-1B23-48B6-AD2B-838FF7A5D89C}
	EndProjectSection
EndProject
Project("{8BC9CEB8-8B4A-11D0-8D11-00A0C91BC942}") = "IDETools", "..\..\IDETools\IDETools_vc9.vcproj", "{E5C5789A-C1F3-43A7-8C7A-E10FFA5F61FD}"
	ProjectSection(ProjectDependencies) = postProject
		{41170314-6427-4CBA-B589-0EF552648693} = {41170314-6427-4CBA-B589-0EF552648693}
		{8B2AA3E4-1B23-48B6-AD2B-838FF7A5D89C} = {8B2AA3E4-1B23-48B6-AD2B-838FF7A5D89C}
	EndProjectSection
EndProject
Project("{8BC9CEB8-8B4A-11D0-8D11-00A0C91BC942}") = "UTL_UI", "..\utl\UI\UTL_UI_vc9.vcproj", "{41170314-6427-4CBA-B589-0EF552648693}"
	ProjectSection(ProjectDependencies) = postProject
		{8B2AA3E4-1B23-48B6-AD2B-838FF7A5D89C} = {8B2AA3E4-1B23-48B6-AD2B-838FF7A5D89C}
	EndProjectSection
EndProject
Project("{8BC9CEB8-8B4A-11D0-8D11-00A0C91BC942}") = "DateTimeDisplay", "..\..\DateTimeDisplay\DateTimeDisplay_vc9.vcproj", "{574DC935-C558-49A3-BA91-F8FF107D1A1E}"
	ProjectSection(ProjectDependencies) = postProject
		{41170314-6427-4CBA-B589-0EF552648693} = {41170314-6427-4CBA-B589-0EF552648693}
		{8B2AA3E4-1B23-48B6-AD2B-838FF7A5D89C} = {8B2AA3E4-1B23-48B6-AD2B-838FF7A5D89C}
	EndProjectSection
EndProject
Project("{8BC9CEB8-8B4A-11D0-8D11-00A0C91BC942}") = "Slider", "..\..\Slider\Slider_vc9.vcproj", "{61377248-1706-4971-AB93-B91712B13FF0}"
	ProjectSection(ProjectDependencies) = postProject
		{41170314-6427-4CBA-B589-0EF552648693} = {41170314-6427-4CBA-B589-0EF552648693}
		{8B2AA3E4-1B23-48B6-AD2B-838FF7A5D89C} = {8B2AA3E4-1B23-48B6-AD2B-838FF7A5D89C}
	EndProjectSection
EndProject
Project("{8BC9CEB8-8B4A-11D0-8D11-00A0C91BC942}") = "UTL_BASE", "..\utl\UTL_BASE_vc9.vcproj", "{8B2AA3E4-1B23-48B6-AD2B-838FF7A5D89C}"
EndProject
Global
	GlobalSection(SolutionConfigurationPlatforms) = preSolution
		DebugU|Win32 = DebugU|Win32
		DebugU|x64 = DebugU|x64
		ReleaseU|Win32 = ReleaseU|Win32
		ReleaseU|x64 = ReleaseU|x64
		Work Mix|Win32 = Work Mix|Win32
		Work Mix|x64 = Work Mix|x64
	EndGlobalSection
	GlobalSection(ProjectConfigurationPlatforms) = postSolution
		{FFFBC183-F23E-463B-84C7-D13FE0331FE1}.DebugU|Win32.ActiveCfg = DebugU|Win32
		{FFFBC183-F23E-463B-84C7-D13FE0331FE1}.DebugU|Win32.Build.0 = DebugU|Win32
		{FFFBC183-F23E-463B-84C7-D13FE0331FE1}.DebugU|x64.ActiveCfg = DebugU|x64
		{FFFBC183-F23E-463B-84C7-D13FE0331FE1}.DebugU|x64.Build.0 = DebugU|x64
		{FFFBC183-F23E-463B-84C7-D13FE0331FE1}.ReleaseU|Win32.ActiveCfg = ReleaseU|Win32
		{FFFBC183-F23E-463B-84C7-D13FE0331FE1}.ReleaseU|Win32.Build.0 = ReleaseU|Win32
		{FFFBC183-F23E-463B-84C7-D13FE0331FE1}.ReleaseU|x64.ActiveCfg = ReleaseU|x64
		{FFFBC183-F23E-463B-84C7-D13FE0331FE1}.ReleaseU|x64.Build.0 = ReleaseU|x64
		{FFFBC183-F23E-463B-84C7-D13FE0331FE1}.Work Mix|Win32.ActiveCfg = DebugU|Win32
		{FFFBC183-F23E-463B-84C7-D13FE0331FE1}.Work Mix|Win32.Build.0 = DebugU|Win32
		{FFFBC183-F23E-463B-84C7-D13FE0331FE1}.Work Mix|x64.ActiveCfg = DebugU|x64
		{FFFBC183-F23E-463B-84C7-D13FE0331FE1}.Work Mix|x64.Build.0 = DebugU|x64
		{613C4BC9-DD62-458F-B720-4812838B855C}.DebugU|Win32.ActiveCfg = DebugU|Win32
		{613C4BC9-DD62-458F-B720-4812838B855C}.DebugU|x64.ActiveCfg = DebugU|x64
		{613C4BC9-DD62-458F-B720-4812838B855C}.DebugU|x64.Build.0 = DebugU|x64
		{613C4BC9-DD62-458F-B720-4812838B855C}.ReleaseU|Win32.ActiveCfg = ReleaseU|Win32
		{613C4BC9-DD62-458F-B720-4812838B855C}.ReleaseU|Win32.Build.0 = ReleaseU|Win32
		{613C4BC9-DD62-458F-B720-4812838B855C}.ReleaseU|x64.ActiveCfg = ReleaseU|x64
		{613C4BC9-DD62-458F-B720-4812838B855C}.ReleaseU|x64.Build.0 = ReleaseU|x64
		{613C4BC9-DD62-458F-B720-4812838B855C}.Work Mix|Win32.ActiveCfg = ReleaseU|x64
		{613C4BC9-DD62-458F-B720-4812838B855C}.Work Mix|Win32.Build.0 = ReleaseU|x64
		{613C4BC9-DD62-458F-B720-4812838B855C}.Work Mix|x64.ActiveCfg = ReleaseU|x64
		{613C4BC9-DD62-458F-B720-4812838B855C}.Work Mix|x64.Build.0 = ReleaseU|x64
		{66B81F56-02AC-430B-8058-51AE15E2F89C}.DebugU|Win32.ActiveCfg = DebugU|Win32
		{66B81F56-02AC-430B-8058-51AE15E2F89C}.DebugU|Win32.Build.0 = DebugU|Win32
		{66B81F56-02AC-430B-8058-51AE15E2F89C}.DebugU|x64.ActiveCfg = DebugU|x64
		{66B81F56-02AC-430B-8058-51AE15E2F89C}.DebugU|x64.Build.0 = DebugU|x64
		{66B81F56-02AC-430B-8058-51AE15E2F89C}.ReleaseU|Win32.ActiveCfg = ReleaseU|Win32
		{66B81F56-02AC-430B-8058-51AE15E2F89C}.ReleaseU|Win32.Build.0 = ReleaseU|Win32
		{66B81F56-02AC-430B-8058-51AE15E2F89C}.ReleaseU|x64.ActiveCfg = ReleaseU|x64
		{66B81F56-02AC-430B-8058-51AE15E2F89C}.ReleaseU|x64.Build.0 = ReleaseU|x64
		{66B81F56-02AC-430B-8058-51AE15E2F89C}.Work Mix|Win32.ActiveCfg = ReleaseU|x64
		{66B81F56-02AC-430B-8058-51AE15E2F89C}.Work Mix|Win32.Build.0 = ReleaseU|x64
		{66B81F56-02AC-430B-8058-51AE15E2F89C}.Work Mix|x64.ActiveCfg = DebugU|x64
		{66B81F56-02AC-430B-8058-51AE15E2F89C}.Work Mix|x64.Build.0 = DebugU|x64
		{29B94E56-D65F-4D7D-B971-B6AD91192D9A}.DebugU|Win32.ActiveCfg = DebugU|Win32
		{29B94E56-D65F-4D7D-B971-B6AD91192D9A}.DebugU|Win32.Build.0 = DebugU|Win32
		{29B94E56-D65F-4D7D-B971-B6AD91192D9A}.DebugU|x64.ActiveCfg = DebugU|Win32
		{29B94E56-D65F-4D7D-B971-B6AD91192D9A}.ReleaseU|Win32.ActiveCfg = ReleaseU|Win32
		{29B94E56-D65F-4D7D-B971-B6AD91192D9A}.ReleaseU|Win32.Build.0 = ReleaseU|Win32
		{29B94E56-D65F-4D7D-B971-B6AD91192D9A}.ReleaseU|x64.ActiveCfg = ReleaseU|Win32
		{29B94E56-D65F-4D7D-B971-B6AD91192D9A}.Work Mix|Win32.ActiveCfg = DebugU|Win32
		{29B94E56-D65F-4D7D-B971-B6AD91192D9A}.Work Mix|Win32.Build.0 = DebugU|Win32
		{29B94E56-D65F-4D7D-B971-B6AD91192D9A}.Work Mix|x64.ActiveCfg = DebugU|x64
		{29B94E56-D65F-4D7D-B971-B6AD91192D9A}.Work Mix|x64.Build.0 = DebugU|x64
		{60F0F8FB-DFCE-4931-9403-2F17F333765C}.DebugU|Win32.ActiveCfg = DebugU|Win32
		{60F0F8FB-DFCE-4931-9403-2F17F333765C}.DebugU|Win32.Build.0 = DebugU|Win32
		{60F0F8FB-DFCE-4931-9403-2F17F333765C}.DebugU|x64.ActiveCfg = DebugU|Win32
		{60F0F8FB-DFCE-4931-9403-2F17F333765C}.ReleaseU|Win32.ActiveCfg = ReleaseU|Win32
		{60F0F8FB-DFCE-4931-9403-2F17F333765C}.ReleaseU|Win32.Build.0 = ReleaseU|Win32
		{60F0F8FB-DFCE-4931-9403-2F17F333765C}.ReleaseU|x64.ActiveCfg = ReleaseU|Win32
		{60F0F8FB-DFCE-4931-9403-2F17F333765C}.Work Mix|Win32.ActiveCfg = ReleaseU|Win32
		{60F0F8FB-DFCE-4931-9403-2F17F333765C}.Work Mix|Win32.Build.0 = ReleaseU|Win32
		{60F0F8FB-DFCE-4931-9403-2F17F333765C}.Work Mix|x64.ActiveCfg = ReleaseU|Win32
		{E5C5789A-C1F3-43A7-8C7A-E10FFA5F61FD}.DebugU|Win32.ActiveCfg = DebugU|Win32
		{E5C5789A-C1F3-43A7-8C7A-E10FFA5F61FD}.DebugU|Win32.Build.0 = DebugU|Win32
		{E5C5789A-C1F3-43A7-8C7A-E10FFA5F61FD}.DebugU|x64.ActiveCfg = DebugU|Win32
		{E5C5789A-C1F3-43A7-8C7A-E10FFA5F61FD}.ReleaseU|Win32.ActiveCfg = ReleaseU|Win32
		{E5C5789A-C1F3-43A7-8C7A-E10FFA5F61FD}.ReleaseU|Win32.Build.0 = ReleaseU|Win32
		{E5C5789A-C1F3-43A7-8C7A-E10FFA5F61FD}.ReleaseU|x64.ActiveCfg = ReleaseU|Win32
		{E5C5789A-C1F3-43A7-8C7A-E10FFA5F61FD}.Work Mix|Win32.ActiveCfg = ReleaseU|Win32
		{E5C5789A-C1F3-43A7-8C7A-E10FFA5F61FD}.Work Mix|Win32.Build.0 = ReleaseU|Win32
		{E5C5789A-C1F3-43A7-8C7A-E10FFA5F61FD}.Work Mix|x64.ActiveCfg = ReleaseU|Win32
		{41170314-6427-4CBA-B589-0EF552648693}.DebugU|Win32.ActiveCfg = DebugU|Win32
		{41170314-6427-4CBA-B589-0EF552648693}.DebugU|Win32.Build.0 = DebugU|Win32
		{41170314-6427-4CBA-B589-0EF552648693}.DebugU|x64.ActiveCfg = DebugU|x64
		{41170314-6427-4CBA-B589-0EF552648693}.DebugU|x64.Build.0 = DebugU|x64
		{41170314-6427-4CBA-B589-0EF552648693}.ReleaseU|Win32.ActiveCfg = ReleaseU|Win32
		{41170314-6427-4CBA-B589-0EF552648693}.ReleaseU|Win32.Build.0 = ReleaseU|Win32
		{41170314-6427-4CBA-B589-0EF552648693}.ReleaseU|x64.ActiveCfg = ReleaseU|x64
		{41170314-6427-4CBA-B589-0EF552648693}.ReleaseU|x64.Build.0 = ReleaseU|x64
		{41170314-6427-4CBA-B589-0EF552648693}.Work Mix|Win32.ActiveCfg = ReleaseU|x64
		{41170314-6427-4CBA-B589-0EF552648693}.Work Mix|Win32.Build.0 = ReleaseU|x64
		{41170314-6427-4CBA-B589-0EF552648693}.Work Mix|x64.ActiveCfg = ReleaseU|x64
		{41170314-6427-4CBA-B589-0EF552648693}.Work Mix|x64.Build.0 = ReleaseU|x64
		{574DC935-C558-49A3-BA91-F8FF107D1A1E}.DebugU|Win32.ActiveCfg = DebugU|Win32
		{574DC935-C558-49A3-BA91-F8FF107D1A1E}.DebugU|Win32.Build.0 = DebugU|Win32
		{574DC935-C558-49A3-BA91-F8FF107D1A1E}.DebugU|x64.ActiveCfg = DebugU|Win32
		{574DC935-C558-49A3-BA91-F8FF107D1A1E}.ReleaseU|Win32.ActiveCfg = ReleaseU|Win32
		{574DC935-C558-49A3-BA91-F8FF107D1A1E}.ReleaseU|Win32.Build.0 = ReleaseU|Win32
		{574DC935-C558-49A3-BA91-F8FF107D1A1E}.ReleaseU|x64.ActiveCfg = ReleaseU|Win32
		{574DC935-C558-49A3-BA91-F8FF107D1A1E}.Work Mix|Win32.ActiveCfg = ReleaseU|Win32
		{574DC935-C558-49A3-BA91-F8FF107D1A1E}.Work Mix|Win32.Build.0 = ReleaseU|Win32
		{574DC935-C558-49A3-BA91-F8FF107D1A1E}.Work Mix|x64.ActiveCfg = ReleaseU|Win32
		{61377248-1706-4971-AB93-B91712B13FF0}.DebugU|Win32.ActiveCfg = DebugU|Win32
		{61377248-1706-4971-AB93-B91712B13FF0}.DebugU|Win32.Build.0 = DebugU|Win32
		{61377248-1706-4971-AB93-B91712B13FF0}.DebugU|x64.ActiveCfg = DebugU|Win32
		{61377248-1706-4971-AB93-B91712B13FF0}.ReleaseU|Win32.ActiveCfg = ReleaseU|Win32
		{61377248-1706-4971-AB93-B91712B13FF0}.ReleaseU|Win32.Build.0 = ReleaseU|Win32
		{61377248-1706-4971-AB93-B91712B13FF0}.ReleaseU|x64.ActiveCfg = ReleaseU|Win32
		{61377248-1706-4971-AB93-B91712B13FF0}.Work Mix|Win32.ActiveCfg = ReleaseU|Win32
		{61377248-1706-4971-AB93-B91712B13FF0}.Work Mix|Win32.Build.0 = ReleaseU|Win32
		{61377248-1706-4971-AB93-B91712B13FF0}.Work Mix|x64.ActiveCfg = ReleaseU|Win32
		{61377248-1706-4971-AB93-B91712B13FF0}.Work Mix|x64.Build.0 = ReleaseU|Win32
		{8B2AA3E4-1B23-48B6-AD2B-838FF7A5D89C}.DebugU|Win32.ActiveCfg = DebugU|Win32
		{8B2AA3E4-1B23-48B6-AD2B-838FF7A5D89C}.DebugU|Win32.Build.0 = DebugU|Win32
		{8B2AA3E4-1B23-48B6-AD2B-838FF7A5D89C}.DebugU|x64.ActiveCfg = DebugU|x64
		{8B2AA3E4-1B23-48B6-AD2B-838FF7A5D89C}.DebugU|x64.Build.0 = DebugU|x64
		{8B2AA3E4-1B23-48B6-AD2B-838FF7A5D89C}.ReleaseU|Win32.ActiveCfg = ReleaseU|Win32
		{8B2AA3E4-1B23-48B6-AD2B-838FF7A5D89C}.ReleaseU|Win32.Build.0 = ReleaseU|Win32
		{8B2AA3E4-1B23-48B6-AD2B-838FF7A5D89C}.ReleaseU|x64.ActiveCfg = ReleaseU|x64
		{8B2AA3E4-1B23-48B6-AD2B-838FF7A5D89C}.ReleaseU|x64.Build.0 = ReleaseU|x64
		{8B2AA3E4-1B23-48B6-AD2B-838FF7A5D89C}.Work Mix|Win32.ActiveCfg = ReleaseU|x64
		{8B2AA3E4-1B23-48B6-AD2B-838FF7A5D89C}.Work Mix|x64.ActiveCfg = ReleaseU|x64
		{8B2AA3E4-1B23-48B6-AD2B-838FF7A5D89C}.Work Mix|x64.Build.0 = ReleaseU|x64
	EndGlobalSection
	GlobalSection(SolutionProperties) = preSolution
		HideSolutionNode = FALSE
	EndGlobalSection
EndGlobal
