
Microsoft Visual Studio Solution File, Format Version 12.00
# Visual Studio Version 17
VisualStudioVersion = 17.14.36121.58 d17.14
MinimumVisualStudioVersion = 10.0.40219.1
Project("{8BC9CEB8-8B4A-11D0-8D11-00A0C91BC942}") = "StampBuildVersion", "StampBuildVersion_vc17.vcxproj", "{F8FC3A4A-D533-41CE-8AEC-FFDFBC98F327}"
EndProject
Project("{8BC9CEB8-8B4A-11D0-8D11-00A0C91BC942}") = "UTL_BASE", "..\..\CommonUtl\utl\UTL_BASE_vc17.vcxproj", "{BD40F5CD-069F-428F-8E05-BA1B85940A9C}"
EndProject
Global
	GlobalSection(SolutionConfigurationPlatforms) = preSolution
		DebugU|Win32 = DebugU|Win32
		DebugU|x64 = DebugU|x64
		ReleaseU|Win32 = ReleaseU|Win32
		ReleaseU|x64 = ReleaseU|x64
	EndGlobalSection
	GlobalSection(ProjectConfigurationPlatforms) = postSolution
		{F8FC3A4A-D533-41CE-8AEC-FFDFBC98F327}.DebugU|Win32.ActiveCfg = DebugU|Win32
		{F8FC3A4A-D533-41CE-8AEC-FFDFBC98F327}.DebugU|Win32.Build.0 = DebugU|Win32
		{F8FC3A4A-D533-41CE-8AEC-FFDFBC98F327}.DebugU|x64.ActiveCfg = DebugU|x64
		{F8FC3A4A-D533-41CE-8AEC-FFDFBC98F327}.DebugU|x64.Build.0 = DebugU|x64
		{F8FC3A4A-D533-41CE-8AEC-FFDFBC98F327}.ReleaseU|Win32.ActiveCfg = ReleaseU|Win32
		{F8FC3A4A-D533-41CE-8AEC-FFDFBC98F327}.ReleaseU|Win32.Build.0 = ReleaseU|Win32
		{F8FC3A4A-D533-41CE-8AEC-FFDFBC98F327}.ReleaseU|x64.ActiveCfg = ReleaseU|x64
		{F8FC3A4A-D533-41CE-8AEC-FFDFBC98F327}.ReleaseU|x64.Build.0 = ReleaseU|x64
		{BD40F5CD-069F-428F-8E05-BA1B85940A9C}.DebugU|Win32.ActiveCfg = DebugU|Win32
		{BD40F5CD-069F-428F-8E05-BA1B85940A9C}.DebugU|Win32.Build.0 = DebugU|Win32
		{BD40F5CD-069F-428F-8E05-BA1B85940A9C}.DebugU|x64.ActiveCfg = DebugU|x64
		{BD40F5CD-069F-428F-8E05-BA1B85940A9C}.DebugU|x64.Build.0 = DebugU|x64
		{BD40F5CD-069F-428F-8E05-BA1B85940A9C}.ReleaseU|Win32.ActiveCfg = ReleaseU|Win32
		{BD40F5CD-069F-428F-8E05-BA1B85940A9C}.ReleaseU|Win32.Build.0 = ReleaseU|Win32
		{BD40F5CD-069F-428F-8E05-BA1B85940A9C}.ReleaseU|x64.ActiveCfg = ReleaseU|x64
		{BD40F5CD-069F-428F-8E05-BA1B85940A9C}.ReleaseU|x64.Build.0 = ReleaseU|x64
	EndGlobalSection
	GlobalSection(SolutionProperties) = preSolution
		HideSolutionNode = FALSE
	EndGlobalSection
	GlobalSection(ExtensibilityGlobals) = postSolution
		SolutionGuid = {A24496AB-B942-4755-ADF1-4386EC0A0850}
	EndGlobalSection
EndGlobal
