
Microsoft Visual Studio Solution File, Format Version 12.00
# Visual Studio 2013
VisualStudioVersion = 12.0.40629.0
MinimumVisualStudioVersion = 10.0.40219.1
Project("{8BC9CEB8-8B4A-11D0-8D11-00A0C91BC942}") = "VisualThemeViewer", "VisualThemeViewer_vc12.vcxproj", "{20E79B6F-E469-493A-9657-9C8CA72A8056}"
	ProjectSection(ProjectDependencies) = postProject
		{FA759613-6A3A-46DC-9CE8-A60B10EB5986} = {FA759613-6A3A-46DC-9CE8-A60B10EB5986}
	EndProjectSection
EndProject
Project("{8BC9CEB8-8B4A-11D0-8D11-00A0C91BC942}") = "utl_ui", "..\CommonUtl\utl\utl_ui_vc12.vcxproj", "{FA759613-6A3A-46DC-9CE8-A60B10EB5986}"
EndProject
Global
	GlobalSection(SolutionConfigurationPlatforms) = preSolution
		DebugU|Win32 = DebugU|Win32
		DebugU|x64 = DebugU|x64
		ReleaseU|Win32 = ReleaseU|Win32
		ReleaseU|x64 = ReleaseU|x64
	EndGlobalSection
	GlobalSection(ProjectConfigurationPlatforms) = postSolution
		{20E79B6F-E469-493A-9657-9C8CA72A8056}.DebugU|Win32.ActiveCfg = DebugU|Win32
		{20E79B6F-E469-493A-9657-9C8CA72A8056}.DebugU|Win32.Build.0 = DebugU|Win32
		{20E79B6F-E469-493A-9657-9C8CA72A8056}.DebugU|x64.ActiveCfg = DebugU|Win32
		{20E79B6F-E469-493A-9657-9C8CA72A8056}.ReleaseU|Win32.ActiveCfg = ReleaseU|Win32
		{20E79B6F-E469-493A-9657-9C8CA72A8056}.ReleaseU|Win32.Build.0 = ReleaseU|Win32
		{20E79B6F-E469-493A-9657-9C8CA72A8056}.ReleaseU|x64.ActiveCfg = ReleaseU|Win32
		{FA759613-6A3A-46DC-9CE8-A60B10EB5986}.DebugU|Win32.ActiveCfg = DebugU|Win32
		{FA759613-6A3A-46DC-9CE8-A60B10EB5986}.DebugU|Win32.Build.0 = DebugU|Win32
		{FA759613-6A3A-46DC-9CE8-A60B10EB5986}.DebugU|x64.ActiveCfg = DebugU|x64
		{FA759613-6A3A-46DC-9CE8-A60B10EB5986}.DebugU|x64.Build.0 = DebugU|x64
		{FA759613-6A3A-46DC-9CE8-A60B10EB5986}.ReleaseU|Win32.ActiveCfg = ReleaseU|Win32
		{FA759613-6A3A-46DC-9CE8-A60B10EB5986}.ReleaseU|Win32.Build.0 = ReleaseU|Win32
		{FA759613-6A3A-46DC-9CE8-A60B10EB5986}.ReleaseU|x64.ActiveCfg = ReleaseU|x64
		{FA759613-6A3A-46DC-9CE8-A60B10EB5986}.ReleaseU|x64.Build.0 = ReleaseU|x64
	EndGlobalSection
	GlobalSection(SolutionProperties) = preSolution
		HideSolutionNode = FALSE
	EndGlobalSection
EndGlobal
