<?xml version="1.0" encoding="utf-8"?>
<Project ToolsVersion="4.0" xmlns="http://schemas.microsoft.com/developer/msbuild/2003">
  <ItemGroup>
    <Filter Include="Source Files">
      <UniqueIdentifier>{5b4ea2dd-4d87-4005-875d-d4d1984d3eb9}</UniqueIdentifier>
      <Extensions>h;hpp;hxx;hm;inl;inc;xsd;cpp;c;cxx;rc;def;r;odl;idl;hpj;bat;asm;asmx</Extensions>
    </Filter>
    <Filter Include="Tests">
      <UniqueIdentifier>{8cd868b7-169e-411e-b626-034661458e6c}</UniqueIdentifier>
    </Filter>
  </ItemGroup>
  <ItemGroup>
    <ClCompile Include="Application.cpp">
      <Filter>Source Files</Filter>
    </ClCompile>
    <ClCompile Include="CmdLineOptions.cpp">
      <Filter>Source Files</Filter>
    </ClCompile>
    <ClCompile Include="Directory.cpp">
      <Filter>Source Files</Filter>
    </ClCompile>
    <ClCompile Include="pch.cpp">
      <Filter>Source Files</Filter>
    </ClCompile>
    <ClCompile Include="Table.cpp">
      <Filter>Source Files</Filter>
    </ClCompile>
    <ClCompile Include="TreeGuides.cpp">
      <Filter>Source Files</Filter>
    </ClCompile>
    <ClCompile Include="test\TreePlusTests.cpp">
      <Filter>Tests</Filter>
    </ClCompile>
  </ItemGroup>
  <ItemGroup>
    <ClInclude Include="Application.h">
      <Filter>Source Files</Filter>
    </ClInclude>
    <ClInclude Include="CmdLineOptions.h">
      <Filter>Source Files</Filter>
    </ClInclude>
    <ClInclude Include="CmdLineOptions_fwd.h">
      <Filter>Source Files</Filter>
    </ClInclude>
    <ClInclude Include="Directory.h">
      <Filter>Source Files</Filter>
    </ClInclude>
    <ClInclude Include="pch.h">
      <Filter>Source Files</Filter>
    </ClInclude>
    <ClInclude Include="Table.h">
      <Filter>Source Files</Filter>
    </ClInclude>
    <ClInclude Include="TreeGuides.h">
      <Filter>Source Files</Filter>
    </ClInclude>
    <ClInclude Include="test\TreePlusTests.h">
      <Filter>Tests</Filter>
    </ClInclude>
  </ItemGroup>
  <ItemGroup>
    <None Include="ReadMe.txt" />
    <None Include="..\..\CommonUtl\utl\cpp.hint" />
  </ItemGroup>
</Project>