<?xml version="1.0" encoding="utf-8"?>
<Project ToolsVersion="4.0" xmlns="http://schemas.microsoft.com/developer/msbuild/2003">
  <ItemGroup>
    <Filter Include="Source Files">
      <UniqueIdentifier>{4FC737F1-C7A5-4376-A066-2A32D752A2FF}</UniqueIdentifier>
      <Extensions>h;hh;hpp;hxx;h++;hm;inl;inc;ipp;xsd;cpp;c;cc;cxx;c++;cppm;ixx;def;odl;idl;hpj;bat;asm;asmx</Extensions>
    </Filter>
    <Filter Include="Resource Files">
      <UniqueIdentifier>{67DA6AB6-F800-4c08-8B7A-83BB121AAD01}</UniqueIdentifier>
      <Extensions>rc;ico;cur;bmp;dlg;rc2;rct;bin;rgs;gif;jpg;jpeg;jpe;resx;tiff;tif;png;wav;mfcribbon-ms</Extensions>
    </Filter>
    <Filter Include="Tests">
      <UniqueIdentifier>{cd9896ed-f91f-4d0f-ad2d-2dae76c88d41}</UniqueIdentifier>
    </Filter>
    <Filter Include="UI">
      <UniqueIdentifier>{1ef34183-cd76-41c9-8c15-a2d69ed9f7dd}</UniqueIdentifier>
    </Filter>
    <Filter Include="UI\Controls">
      <UniqueIdentifier>{ff6ce216-2a52-41fa-ad7b-d0da73baf7f1}</UniqueIdentifier>
    </Filter>
    <Filter Include="UI\Dialogs">
      <UniqueIdentifier>{dbddc34b-4c8e-4b37-b4ed-485311ba5123}</UniqueIdentifier>
    </Filter>
    <Filter Include="UI\DirectX">
      <UniqueIdentifier>{cfaf82a0-3d9b-4c13-8d4b-e4aacc3c6181}</UniqueIdentifier>
    </Filter>
    <Filter Include="UI\Drag and Drop %28OLE%29">
      <UniqueIdentifier>{abda0718-feca-44b6-8728-9ea2475b8a04}</UniqueIdentifier>
    </Filter>
    <Filter Include="UI\Imaging">
      <UniqueIdentifier>{b36ccd58-b770-414f-827b-7b929057349f}</UniqueIdentifier>
    </Filter>
    <Filter Include="UI\Layout">
      <UniqueIdentifier>{01fca025-520c-43cf-834a-44ad45ffda55}</UniqueIdentifier>
    </Filter>
    <Filter Include="UI\Registry">
      <UniqueIdentifier>{38edccf5-0fb6-42e6-b3a8-6d2e63897ea9}</UniqueIdentifier>
    </Filter>
    <Filter Include="UI\Service">
      <UniqueIdentifier>{9d10da22-f24f-4311-adab-3ab395cf718d}</UniqueIdentifier>
    </Filter>
    <Filter Include="UI\Shell Explorer API">
      <UniqueIdentifier>{f59e82d0-cc1e-4a4f-a3b9-03a8695e745a}</UniqueIdentifier>
    </Filter>
    <Filter Include="Test Utils">
      <UniqueIdentifier>{b2ce14c2-e5da-42c0-ae4d-400a060f3991}</UniqueIdentifier>
    </Filter>
    <Filter Include="UI\MFC+">
      <UniqueIdentifier>{33930c41-6700-4981-9191-15309f4b774a}</UniqueIdentifier>
    </Filter>
    <Filter Include="UI\Controls\MFC+">
      <UniqueIdentifier>{c3128501-7031-498e-8ea4-2d7e128f262b}</UniqueIdentifier>
    </Filter>
  </ItemGroup>
  <ItemGroup>
    <ClInclude Include="resource.h">
      <Filter>Resource Files</Filter>
    </ClInclude>
    <ClInclude Include="test\BaseImageTestCase.h">
      <Filter>Tests</Filter>
    </ClInclude>
    <ClInclude Include="test\ColorTests.h">
      <Filter>Tests</Filter>
    </ClInclude>
    <ClInclude Include="test\SerializationTests.h">
      <Filter>Tests</Filter>
    </ClInclude>
    <ClInclude Include="test\ShellFileSystemTests.h">
      <Filter>Tests</Filter>
    </ClInclude>
    <ClInclude Include="test\UtlUserInterfaceTests.h">
      <Filter>Tests</Filter>
    </ClInclude>
    <ClInclude Include="test\WicImageTests.h">
      <Filter>Tests</Filter>
    </ClInclude>
    <ClInclude Include="StdColors.h">
      <Filter>Source Files</Filter>
    </ClInclude>
    <ClInclude Include="StdManifest.h">
      <Filter>Source Files</Filter>
    </ClInclude>
    <ClInclude Include="utl_ui.h">
      <Filter>Source Files</Filter>
    </ClInclude>
    <ClInclude Include="AccelTable.h">
      <Filter>UI</Filter>
    </ClInclude>
    <ClInclude Include="BalloonMessageTip.h">
      <Filter>UI</Filter>
    </ClInclude>
    <ClInclude Include="BaseApp.h">
      <Filter>UI</Filter>
    </ClInclude>
    <ClInclude Include="BaseApp.hxx">
      <Filter>UI</Filter>
    </ClInclude>
    <ClInclude Include="BaseFrameWnd.h">
      <Filter>UI</Filter>
    </ClInclude>
    <ClInclude Include="BaseFrameWnd.hxx">
      <Filter>UI</Filter>
    </ClInclude>
    <ClInclude Include="BaseTrackMenuWnd.h">
      <Filter>UI</Filter>
    </ClInclude>
    <ClInclude Include="BaseTrackMenuWnd.hxx">
      <Filter>UI</Filter>
    </ClInclude>
    <ClInclude Include="BaseZoomView.h">
      <Filter>UI</Filter>
    </ClInclude>
    <ClInclude Include="CmdIdStore.h">
      <Filter>UI</Filter>
    </ClInclude>
    <ClInclude Include="CmdInfoStore.h">
      <Filter>UI</Filter>
    </ClInclude>
    <ClInclude Include="CmdUpdate.h">
      <Filter>UI</Filter>
    </ClInclude>
    <ClInclude Include="Color.h">
      <Filter>UI</Filter>
    </ClInclude>
    <ClInclude Include="CommonWinDefs.h">
      <Filter>UI</Filter>
    </ClInclude>
    <ClInclude Include="DesktopDC.h">
      <Filter>UI</Filter>
    </ClInclude>
    <ClInclude Include="Dialog_fwd.h">
      <Filter>UI</Filter>
    </ClInclude>
    <ClInclude Include="GdiCoords.h">
      <Filter>UI</Filter>
    </ClInclude>
    <ClInclude Include="GdiPlus_fwd.h">
      <Filter>UI</Filter>
    </ClInclude>
    <ClInclude Include="GpUtilities.h">
      <Filter>UI</Filter>
    </ClInclude>
    <ClInclude Include="GroupIcon.h">
      <Filter>UI</Filter>
    </ClInclude>
    <ClInclude Include="ISystemTrayCallback.h">
      <Filter>UI</Filter>
    </ClInclude>
    <ClInclude Include="IZoomBar.h">
      <Filter>UI</Filter>
    </ClInclude>
    <ClInclude Include="LogPalette.h">
      <Filter>UI</Filter>
    </ClInclude>
    <ClInclude Include="MemoryDC.h">
      <Filter>UI</Filter>
    </ClInclude>
    <ClInclude Include="MenuUtilities.h">
      <Filter>UI</Filter>
    </ClInclude>
    <ClInclude Include="MfcUtilities.h">
      <Filter>UI</Filter>
    </ClInclude>
    <ClInclude Include="MultiZone.h">
      <Filter>UI</Filter>
    </ClInclude>
    <ClInclude Include="PostCall.h">
      <Filter>UI</Filter>
    </ClInclude>
    <ClInclude Include="ProcessUtils.h">
      <Filter>UI</Filter>
    </ClInclude>
    <ClInclude Include="ResourceData.h">
      <Filter>UI</Filter>
    </ClInclude>
    <ClInclude Include="SampleView.h">
      <Filter>UI</Filter>
    </ClInclude>
    <ClInclude Include="ScopedBitmapMemDC.h">
      <Filter>UI</Filter>
    </ClInclude>
    <ClInclude Include="ScopedGdi.h">
      <Filter>UI</Filter>
    </ClInclude>
    <ClInclude Include="SyncScrolling.h">
      <Filter>UI</Filter>
    </ClInclude>
    <ClInclude Include="TextEffect.h">
      <Filter>UI</Filter>
    </ClInclude>
    <ClInclude Include="ThemeItem.h">
      <Filter>UI</Filter>
    </ClInclude>
    <ClInclude Include="TooltipsHook.h">
      <Filter>UI</Filter>
    </ClInclude>
    <ClInclude Include="ui_fwd.h">
      <Filter>UI</Filter>
    </ClInclude>
    <ClInclude Include="UserReport.h">
      <Filter>UI</Filter>
    </ClInclude>
    <ClInclude Include="VersionInfo.h">
      <Filter>UI</Filter>
    </ClInclude>
    <ClInclude Include="VisualTheme.h">
      <Filter>UI</Filter>
    </ClInclude>
    <ClInclude Include="VisualThemeFallback.h">
      <Filter>UI</Filter>
    </ClInclude>
    <ClInclude Include="vsstyle.h">
      <Filter>UI</Filter>
    </ClInclude>
    <ClInclude Include="WindowDebug.h">
      <Filter>UI</Filter>
    </ClInclude>
    <ClInclude Include="WindowHook.h">
      <Filter>UI</Filter>
    </ClInclude>
    <ClInclude Include="WindowPlacement.h">
      <Filter>UI</Filter>
    </ClInclude>
    <ClInclude Include="WindowTimer.h">
      <Filter>UI</Filter>
    </ClInclude>
    <ClInclude Include="WndUtils.h">
      <Filter>UI</Filter>
    </ClInclude>
    <ClInclude Include="WndUtilsEx.h">
      <Filter>UI</Filter>
    </ClInclude>
    <ClInclude Include="BaseItemTooltipsCtrl.h">
      <Filter>UI\Controls</Filter>
    </ClInclude>
    <ClInclude Include="BaseItemTooltipsCtrl.hxx">
      <Filter>UI\Controls</Filter>
    </ClInclude>
    <ClInclude Include="BaseSplitButton.h">
      <Filter>UI\Controls</Filter>
    </ClInclude>
    <ClInclude Include="BaseStockContentCtrl.h">
      <Filter>UI\Controls</Filter>
    </ClInclude>
    <ClInclude Include="BaseStockContentCtrl.hxx">
      <Filter>UI\Controls</Filter>
    </ClInclude>
    <ClInclude Include="BufferedStatic.h">
      <Filter>UI\Controls</Filter>
    </ClInclude>
    <ClInclude Include="CheckStatePolicies.h">
      <Filter>UI\Controls</Filter>
    </ClInclude>
    <ClInclude Include="ClockStatic.h">
      <Filter>UI\Controls</Filter>
    </ClInclude>
    <ClInclude Include="ContentFitBase.h">
      <Filter>UI\Controls</Filter>
    </ClInclude>
    <ClInclude Include="Control_fwd.h">
      <Filter>UI\Controls</Filter>
    </ClInclude>
    <ClInclude Include="CtrlInterfaces.h">
      <Filter>UI\Controls</Filter>
    </ClInclude>
    <ClInclude Include="CtrlUiState.h">
      <Filter>UI\Controls</Filter>
    </ClInclude>
    <ClInclude Include="DateTimeControl.h">
      <Filter>UI\Controls</Filter>
    </ClInclude>
    <ClInclude Include="DetailIconButton.h">
      <Filter>UI\Controls</Filter>
    </ClInclude>
    <ClInclude Include="DetailMateCtrl.h">
      <Filter>UI\Controls</Filter>
    </ClInclude>
    <ClInclude Include="DetailMateCtrl.hxx">
      <Filter>UI\Controls</Filter>
    </ClInclude>
    <ClInclude Include="DialogToolBar.h">
      <Filter>UI\Controls</Filter>
    </ClInclude>
    <ClInclude Include="DragListCtrl.h">
      <Filter>UI\Controls</Filter>
    </ClInclude>
    <ClInclude Include="DragListCtrl.hxx">
      <Filter>UI\Controls</Filter>
    </ClInclude>
    <ClInclude Include="EnumComboBox.h">
      <Filter>UI\Controls</Filter>
    </ClInclude>
    <ClInclude Include="EnumSplitButton.h">
      <Filter>UI\Controls</Filter>
    </ClInclude>
    <ClInclude Include="FrameHostCtrl.h">
      <Filter>UI\Controls</Filter>
    </ClInclude>
    <ClInclude Include="FrameHostCtrl.hxx">
      <Filter>UI\Controls</Filter>
    </ClInclude>
    <ClInclude Include="HistoryComboBox.h">
      <Filter>UI\Controls</Filter>
    </ClInclude>
    <ClInclude Include="IconButton.h">
      <Filter>UI\Controls</Filter>
    </ClInclude>
    <ClInclude Include="ImageEdit.h">
      <Filter>UI\Controls</Filter>
    </ClInclude>
    <ClInclude Include="InternalChange.h">
      <Filter>UI\Controls</Filter>
    </ClInclude>
    <ClInclude Include="ItemContent.h">
      <Filter>UI\Controls</Filter>
    </ClInclude>
    <ClInclude Include="ItemContentEdit.h">
      <Filter>UI\Controls</Filter>
    </ClInclude>
    <ClInclude Include="ItemContentHistoryCombo.h">
      <Filter>UI\Controls</Filter>
    </ClInclude>
    <ClInclude Include="ListCtrlEditorFrame.h">
      <Filter>UI\Controls</Filter>
    </ClInclude>
    <ClInclude Include="ListLikeCtrlBase.h">
      <Filter>UI\Controls</Filter>
    </ClInclude>
    <ClInclude Include="NumericEdit.h">
      <Filter>UI\Controls</Filter>
    </ClInclude>
    <ClInclude Include="ObjectCtrlBase.h">
      <Filter>UI\Controls</Filter>
    </ClInclude>
    <ClInclude Include="PathItemListCtrl.h">
      <Filter>UI\Controls</Filter>
    </ClInclude>
    <ClInclude Include="PopupSplitButton.h">
      <Filter>UI\Controls</Filter>
    </ClInclude>
    <ClInclude Include="ReportListControl.h">
      <Filter>UI\Controls</Filter>
    </ClInclude>
    <ClInclude Include="ReportListControl.hxx">
      <Filter>UI\Controls</Filter>
    </ClInclude>
    <ClInclude Include="ReportListCustomDraw.h">
      <Filter>UI\Controls</Filter>
    </ClInclude>
    <ClInclude Include="ResizeFrameStatic.h">
      <Filter>UI\Controls</Filter>
    </ClInclude>
    <ClInclude Include="ResizeGripBar.h">
      <Filter>UI\Controls</Filter>
    </ClInclude>
    <ClInclude Include="SpinEdit.h">
      <Filter>UI\Controls</Filter>
    </ClInclude>
    <ClInclude Include="SpinTargetButton.h">
      <Filter>UI\Controls</Filter>
    </ClInclude>
    <ClInclude Include="SplitPushButton.h">
      <Filter>UI\Controls</Filter>
    </ClInclude>
    <ClInclude Include="StockValuesComboBox.h">
      <Filter>UI\Controls</Filter>
    </ClInclude>
    <ClInclude Include="StockValuesComboBox.hxx">
      <Filter>UI\Controls</Filter>
    </ClInclude>
    <ClInclude Include="TandemControls.h">
      <Filter>UI\Controls</Filter>
    </ClInclude>
    <ClInclude Include="TandemControls.hxx">
      <Filter>UI\Controls</Filter>
    </ClInclude>
    <ClInclude Include="TextEdit.h">
      <Filter>UI\Controls</Filter>
    </ClInclude>
    <ClInclude Include="TextEditor.h">
      <Filter>UI\Controls</Filter>
    </ClInclude>
    <ClInclude Include="ThemeStatic.h">
      <Filter>UI\Controls</Filter>
    </ClInclude>
    <ClInclude Include="ThumbPreviewCtrl.h">
      <Filter>UI\Controls</Filter>
    </ClInclude>
    <ClInclude Include="ToolbarStrip.h">
      <Filter>UI\Controls</Filter>
    </ClInclude>
    <ClInclude Include="TrackStatic.h">
      <Filter>UI\Controls</Filter>
    </ClInclude>
    <ClInclude Include="TreeControl.h">
      <Filter>UI\Controls</Filter>
    </ClInclude>
    <ClInclude Include="TreeControlCustomDraw.h">
      <Filter>UI\Controls</Filter>
    </ClInclude>
    <ClInclude Include="AboutBox.h">
      <Filter>UI\Dialogs</Filter>
    </ClInclude>
    <ClInclude Include="ItemListDialog.h">
      <Filter>UI\Dialogs</Filter>
    </ClInclude>
    <ClInclude Include="PasswordDialog.h">
      <Filter>UI\Dialogs</Filter>
    </ClInclude>
    <ClInclude Include="PopupDlgBase.h">
      <Filter>UI\Dialogs</Filter>
    </ClInclude>
    <ClInclude Include="ProgressDialog.h">
      <Filter>UI\Dialogs</Filter>
    </ClInclude>
    <ClInclude Include="AnimatedFrameComposer.h">
      <Filter>UI\DirectX</Filter>
    </ClInclude>
    <ClInclude Include="Direct2D.h">
      <Filter>UI\DirectX</Filter>
    </ClInclude>
    <ClInclude Include="DirectWrite.h">
      <Filter>UI\DirectX</Filter>
    </ClInclude>
    <ClInclude Include="ImageInfoGadget.h">
      <Filter>UI\DirectX</Filter>
    </ClInclude>
    <ClInclude Include="ImageZoomViewD2D.h">
      <Filter>UI\DirectX</Filter>
    </ClInclude>
    <ClInclude Include="ImagingDirect2D.h">
      <Filter>UI\DirectX</Filter>
    </ClInclude>
    <ClInclude Include="RenderingDirect2D.h">
      <Filter>UI\DirectX</Filter>
    </ClInclude>
    <ClInclude Include="Clipboard.h">
      <Filter>UI\Drag and Drop %28OLE%29</Filter>
    </ClInclude>
    <ClInclude Include="OleDataSource.h">
      <Filter>UI\Drag and Drop %28OLE%29</Filter>
    </ClInclude>
    <ClInclude Include="OleDragDrop_fwd.h">
      <Filter>UI\Drag and Drop %28OLE%29</Filter>
    </ClInclude>
    <ClInclude Include="OleDropSource.h">
      <Filter>UI\Drag and Drop %28OLE%29</Filter>
    </ClInclude>
    <ClInclude Include="OleDropTarget.h">
      <Filter>UI\Drag and Drop %28OLE%29</Filter>
    </ClInclude>
    <ClInclude Include="OleUtils.h">
      <Filter>UI\Drag and Drop %28OLE%29</Filter>
    </ClInclude>
    <ClInclude Include="CustomDrawImager.h">
      <Filter>UI\Imaging</Filter>
    </ClInclude>
    <ClInclude Include="CustomDrawImager_fwd.h">
      <Filter>UI\Imaging</Filter>
    </ClInclude>
    <ClInclude Include="DibDraw.h">
      <Filter>UI\Imaging</Filter>
    </ClInclude>
    <ClInclude Include="DibDraw_fwd.h">
      <Filter>UI\Imaging</Filter>
    </ClInclude>
    <ClInclude Include="DibPixels.h">
      <Filter>UI\Imaging</Filter>
    </ClInclude>
    <ClInclude Include="DibSection.h">
      <Filter>UI\Imaging</Filter>
    </ClInclude>
    <ClInclude Include="Icon.h">
      <Filter>UI\Imaging</Filter>
    </ClInclude>
    <ClInclude Include="IImageZoomView.h">
      <Filter>UI\Imaging</Filter>
    </ClInclude>
    <ClInclude Include="Image_fwd.h">
      <Filter>UI\Imaging</Filter>
    </ClInclude>
    <ClInclude Include="ImagePathKey.h">
      <Filter>UI\Imaging</Filter>
    </ClInclude>
    <ClInclude Include="ImageProxy.h">
      <Filter>UI\Imaging</Filter>
    </ClInclude>
    <ClInclude Include="ImageStore.h">
      <Filter>UI\Imaging</Filter>
    </ClInclude>
    <ClInclude Include="Imaging.h">
      <Filter>UI\Imaging</Filter>
    </ClInclude>
    <ClInclude Include="ImagingGdiPlus.h">
      <Filter>UI\Imaging</Filter>
    </ClInclude>
    <ClInclude Include="ImagingWic.h">
      <Filter>UI\Imaging</Filter>
    </ClInclude>
    <ClInclude Include="ImagingWic_fwd.h">
      <Filter>UI\Imaging</Filter>
    </ClInclude>
    <ClInclude Include="Pixel.h">
      <Filter>UI\Imaging</Filter>
    </ClInclude>
    <ClInclude Include="Thumbnailer.h">
      <Filter>UI\Imaging</Filter>
    </ClInclude>
    <ClInclude Include="Thumbnailer_fwd.h">
      <Filter>UI\Imaging</Filter>
    </ClInclude>
    <ClInclude Include="ToolImageList.h">
      <Filter>UI\Imaging</Filter>
    </ClInclude>
    <ClInclude Include="WicAnimatedImage.h">
      <Filter>UI\Imaging</Filter>
    </ClInclude>
    <ClInclude Include="WicBitmap.h">
      <Filter>UI\Imaging</Filter>
    </ClInclude>
    <ClInclude Include="WicDibSection.h">
      <Filter>UI\Imaging</Filter>
    </ClInclude>
    <ClInclude Include="WicImage.h">
      <Filter>UI\Imaging</Filter>
    </ClInclude>
    <ClInclude Include="WicImageCache.h">
      <Filter>UI\Imaging</Filter>
    </ClInclude>
    <ClInclude Include="BaseMainDialog.h">
      <Filter>UI\Layout</Filter>
    </ClInclude>
    <ClInclude Include="LayoutBasePropertySheet.h">
      <Filter>UI\Layout</Filter>
    </ClInclude>
    <ClInclude Include="LayoutChildPropertySheet.h">
      <Filter>UI\Layout</Filter>
    </ClInclude>
    <ClInclude Include="LayoutDialog.h">
      <Filter>UI\Layout</Filter>
    </ClInclude>
    <ClInclude Include="LayoutEngine.h">
      <Filter>UI\Layout</Filter>
    </ClInclude>
    <ClInclude Include="LayoutFormView.h">
      <Filter>UI\Layout</Filter>
    </ClInclude>
    <ClInclude Include="LayoutMetrics.h">
      <Filter>UI\Layout</Filter>
    </ClInclude>
    <ClInclude Include="LayoutPropertyPage.h">
      <Filter>UI\Layout</Filter>
    </ClInclude>
    <ClInclude Include="LayoutPropertySheet.h">
      <Filter>UI\Layout</Filter>
    </ClInclude>
    <ClInclude Include="RegistryOptions.h">
      <Filter>UI\Registry</Filter>
    </ClInclude>
    <ClInclude Include="RegistrySection.h">
      <Filter>UI\Registry</Filter>
    </ClInclude>
    <ClInclude Include="ProgressService.h">
      <Filter>UI\Service</Filter>
    </ClInclude>
    <ClInclude Include="FilterStore.h">
      <Filter>UI\Shell Explorer API</Filter>
    </ClInclude>
    <ClInclude Include="Recycler.h">
      <Filter>UI\Shell Explorer API</Filter>
    </ClInclude>
    <ClInclude Include="ShellContextMenuBuilder.h">
      <Filter>UI\Shell Explorer API</Filter>
    </ClInclude>
    <ClInclude Include="ShellContextMenuHost.h">
      <Filter>UI\Shell Explorer API</Filter>
    </ClInclude>
    <ClInclude Include="ShellDialogs.h">
      <Filter>UI\Shell Explorer API</Filter>
    </ClInclude>
    <ClInclude Include="ShellDialogs_fwd.h">
      <Filter>UI\Shell Explorer API</Filter>
    </ClInclude>
    <ClInclude Include="ShellDragImager.h">
      <Filter>UI\Shell Explorer API</Filter>
    </ClInclude>
    <ClInclude Include="ShellDropTip.h">
      <Filter>UI\Shell Explorer API</Filter>
    </ClInclude>
    <ClInclude Include="ShellFileDialog.h">
      <Filter>UI\Shell Explorer API</Filter>
    </ClInclude>
    <ClInclude Include="ShellRegistryAssoc.h">
      <Filter>UI\Shell Explorer API</Filter>
    </ClInclude>
    <ClInclude Include="ShellTypes.h">
      <Filter>UI\Shell Explorer API</Filter>
    </ClInclude>
    <ClInclude Include="ShellUtilities.h">
      <Filter>UI\Shell Explorer API</Filter>
    </ClInclude>
    <ClInclude Include="SystemTray.h">
      <Filter>UI\Shell Explorer API</Filter>
    </ClInclude>
    <ClInclude Include="SystemTray_fwd.h">
      <Filter>UI\Shell Explorer API</Filter>
    </ClInclude>
    <ClInclude Include="TrayIcon.h">
      <Filter>UI\Shell Explorer API</Filter>
    </ClInclude>
    <ClInclude Include="WinExplorer.h">
      <Filter>UI\Shell Explorer API</Filter>
    </ClInclude>
    <ClInclude Include="ToolStrip.h">
      <Filter>UI</Filter>
    </ClInclude>
    <ClInclude Include="Image_fwd.hxx">
      <Filter>UI\Imaging</Filter>
    </ClInclude>
    <ClInclude Include="TaskDialog.h">
      <Filter>UI\Dialogs</Filter>
    </ClInclude>
    <ClInclude Include="ColorRepository.h">
      <Filter>UI</Filter>
    </ClInclude>
    <ClInclude Include="pch.h">
      <Filter>Source Files</Filter>
    </ClInclude>
    <ClInclude Include="ColorPopupDialogs.h">
      <Filter>UI\Dialogs</Filter>
    </ClInclude>
    <ClInclude Include="test\TestToolWnd.h">
      <Filter>Test Utils</Filter>
    </ClInclude>
    <ClInclude Include="test\ResourceTests.h">
      <Filter>Tests</Filter>
    </ClInclude>
    <ClInclude Include="ContextMenuMgr.h">
      <Filter>UI\MFC+</Filter>
    </ClInclude>
    <ClInclude Include="PopupMenus.h">
      <Filter>UI\MFC+</Filter>
    </ClInclude>
    <ClInclude Include="PopupMenus_fwd.h">
      <Filter>UI\MFC+</Filter>
    </ClInclude>
    <ClInclude Include="ColorPickerButton.h">
      <Filter>UI\Controls\MFC+</Filter>
    </ClInclude>
    <ClInclude Include="MenuPickerButton.h">
      <Filter>UI\Controls\MFC+</Filter>
    </ClInclude>
  </ItemGroup>
  <ItemGroup>
    <ClCompile Include="test\BaseImageTestCase.cpp">
      <Filter>Tests</Filter>
    </ClCompile>
    <ClCompile Include="test\ColorTests.cpp">
      <Filter>Tests</Filter>
    </ClCompile>
    <ClCompile Include="test\SerializationTests.cpp">
      <Filter>Tests</Filter>
    </ClCompile>
    <ClCompile Include="test\ShellFileSystemTests.cpp">
      <Filter>Tests</Filter>
    </ClCompile>
    <ClCompile Include="test\UtlUserInterfaceTests.cpp">
      <Filter>Tests</Filter>
    </ClCompile>
    <ClCompile Include="test\WicImageTests.cpp">
      <Filter>Tests</Filter>
    </ClCompile>
    <ClCompile Include="AccelTable.cpp">
      <Filter>UI</Filter>
    </ClCompile>
    <ClCompile Include="BalloonMessageTip.cpp">
      <Filter>UI</Filter>
    </ClCompile>
    <ClCompile Include="BaseApp.cpp">
      <Filter>UI</Filter>
    </ClCompile>
    <ClCompile Include="BaseZoomView.cpp">
      <Filter>UI</Filter>
    </ClCompile>
    <ClCompile Include="CmdIdStore.cpp">
      <Filter>UI</Filter>
    </ClCompile>
    <ClCompile Include="CmdInfoStore.cpp">
      <Filter>UI</Filter>
    </ClCompile>
    <ClCompile Include="CmdUpdate.cpp">
      <Filter>UI</Filter>
    </ClCompile>
    <ClCompile Include="Color.cpp">
      <Filter>UI</Filter>
    </ClCompile>
    <ClCompile Include="DesktopDC.cpp">
      <Filter>UI</Filter>
    </ClCompile>
    <ClCompile Include="GdiCoords.cpp">
      <Filter>UI</Filter>
    </ClCompile>
    <ClCompile Include="GroupIcon.cpp">
      <Filter>UI</Filter>
    </ClCompile>
    <ClCompile Include="IZoomBar.cpp">
      <Filter>UI</Filter>
    </ClCompile>
    <ClCompile Include="LogPalette.cpp">
      <Filter>UI</Filter>
    </ClCompile>
    <ClCompile Include="MemoryDC.cpp">
      <Filter>UI</Filter>
    </ClCompile>
    <ClCompile Include="MenuUtilities.cpp">
      <Filter>UI</Filter>
    </ClCompile>
    <ClCompile Include="MfcUtilities.cpp">
      <Filter>UI</Filter>
    </ClCompile>
    <ClCompile Include="MultiZone.cpp">
      <Filter>UI</Filter>
    </ClCompile>
    <ClCompile Include="PostCall.cpp">
      <Filter>UI</Filter>
    </ClCompile>
    <ClCompile Include="ProcessUtils.cpp">
      <Filter>UI</Filter>
    </ClCompile>
    <ClCompile Include="ResourceData.cpp">
      <Filter>UI</Filter>
    </ClCompile>
    <ClCompile Include="SampleView.cpp">
      <Filter>UI</Filter>
    </ClCompile>
    <ClCompile Include="SyncScrolling.cpp">
      <Filter>UI</Filter>
    </ClCompile>
    <ClCompile Include="TextEffect.cpp">
      <Filter>UI</Filter>
    </ClCompile>
    <ClCompile Include="ThemeItem.cpp">
      <Filter>UI</Filter>
    </ClCompile>
    <ClCompile Include="TooltipsHook.cpp">
      <Filter>UI</Filter>
    </ClCompile>
    <ClCompile Include="UserReport.cpp">
      <Filter>UI</Filter>
    </ClCompile>
    <ClCompile Include="VersionInfo.cpp">
      <Filter>UI</Filter>
    </ClCompile>
    <ClCompile Include="VisualTheme.cpp">
      <Filter>UI</Filter>
    </ClCompile>
    <ClCompile Include="VisualThemeFallback.cpp">
      <Filter>UI</Filter>
    </ClCompile>
    <ClCompile Include="WindowDebug.cpp">
      <Filter>UI</Filter>
    </ClCompile>
    <ClCompile Include="WindowHook.cpp">
      <Filter>UI</Filter>
    </ClCompile>
    <ClCompile Include="WindowPlacement.cpp">
      <Filter>UI</Filter>
    </ClCompile>
    <ClCompile Include="WindowTimer.cpp">
      <Filter>UI</Filter>
    </ClCompile>
    <ClCompile Include="WndUtils.cpp">
      <Filter>UI</Filter>
    </ClCompile>
    <ClCompile Include="WndUtilsEx.cpp">
      <Filter>UI</Filter>
    </ClCompile>
    <ClCompile Include="BaseSplitButton.cpp">
      <Filter>UI\Controls</Filter>
    </ClCompile>
    <ClCompile Include="BufferedStatic.cpp">
      <Filter>UI\Controls</Filter>
    </ClCompile>
    <ClCompile Include="CheckStatePolicies.cpp">
      <Filter>UI\Controls</Filter>
    </ClCompile>
    <ClCompile Include="ClockStatic.cpp">
      <Filter>UI\Controls</Filter>
    </ClCompile>
    <ClCompile Include="ContentFitBase.cpp">
      <Filter>UI\Controls</Filter>
    </ClCompile>
    <ClCompile Include="Control_fwd.cpp">
      <Filter>UI\Controls</Filter>
    </ClCompile>
    <ClCompile Include="CtrlUiState.cpp">
      <Filter>UI\Controls</Filter>
    </ClCompile>
    <ClCompile Include="DateTimeControl.cpp">
      <Filter>UI\Controls</Filter>
    </ClCompile>
    <ClCompile Include="DetailIconButton.cpp">
      <Filter>UI\Controls</Filter>
    </ClCompile>
    <ClCompile Include="DialogToolBar.cpp">
      <Filter>UI\Controls</Filter>
    </ClCompile>
    <ClCompile Include="DragListCtrl.cpp">
      <Filter>UI\Controls</Filter>
    </ClCompile>
    <ClCompile Include="EnumComboBox.cpp">
      <Filter>UI\Controls</Filter>
    </ClCompile>
    <ClCompile Include="EnumSplitButton.cpp">
      <Filter>UI\Controls</Filter>
    </ClCompile>
    <ClCompile Include="HistoryComboBox.cpp">
      <Filter>UI\Controls</Filter>
    </ClCompile>
    <ClCompile Include="IconButton.cpp">
      <Filter>UI\Controls</Filter>
    </ClCompile>
    <ClCompile Include="ImageEdit.cpp">
      <Filter>UI\Controls</Filter>
    </ClCompile>
    <ClCompile Include="ItemContent.cpp">
      <Filter>UI\Controls</Filter>
    </ClCompile>
    <ClCompile Include="ItemContentEdit.cpp">
      <Filter>UI\Controls</Filter>
    </ClCompile>
    <ClCompile Include="ItemContentHistoryCombo.cpp">
      <Filter>UI\Controls</Filter>
    </ClCompile>
    <ClCompile Include="ListCtrlEditorFrame.cpp">
      <Filter>UI\Controls</Filter>
    </ClCompile>
    <ClCompile Include="ListLikeCtrlBase.cpp">
      <Filter>UI\Controls</Filter>
    </ClCompile>
    <ClCompile Include="ObjectCtrlBase.cpp">
      <Filter>UI\Controls</Filter>
    </ClCompile>
    <ClCompile Include="PathItemListCtrl.cpp">
      <Filter>UI\Controls</Filter>
    </ClCompile>
    <ClCompile Include="PopupSplitButton.cpp">
      <Filter>UI\Controls</Filter>
    </ClCompile>
    <ClCompile Include="ReportListControl.cpp">
      <Filter>UI\Controls</Filter>
    </ClCompile>
    <ClCompile Include="ReportListCustomDraw.cpp">
      <Filter>UI\Controls</Filter>
    </ClCompile>
    <ClCompile Include="ResizeFrameStatic.cpp">
      <Filter>UI\Controls</Filter>
    </ClCompile>
    <ClCompile Include="ResizeGripBar.cpp">
      <Filter>UI\Controls</Filter>
    </ClCompile>
    <ClCompile Include="SpinEdit.cpp">
      <Filter>UI\Controls</Filter>
    </ClCompile>
    <ClCompile Include="SpinTargetButton.cpp">
      <Filter>UI\Controls</Filter>
    </ClCompile>
    <ClCompile Include="SplitPushButton.cpp">
      <Filter>UI\Controls</Filter>
    </ClCompile>
    <ClCompile Include="StockValuesComboBox.cpp">
      <Filter>UI\Controls</Filter>
    </ClCompile>
    <ClCompile Include="TextEdit.cpp">
      <Filter>UI\Controls</Filter>
    </ClCompile>
    <ClCompile Include="TextEditor.cpp">
      <Filter>UI\Controls</Filter>
    </ClCompile>
    <ClCompile Include="ThemeStatic.cpp">
      <Filter>UI\Controls</Filter>
    </ClCompile>
    <ClCompile Include="ThumbPreviewCtrl.cpp">
      <Filter>UI\Controls</Filter>
    </ClCompile>
    <ClCompile Include="ToolbarStrip.cpp">
      <Filter>UI\Controls</Filter>
    </ClCompile>
    <ClCompile Include="TrackStatic.cpp">
      <Filter>UI\Controls</Filter>
    </ClCompile>
    <ClCompile Include="TreeControl.cpp">
      <Filter>UI\Controls</Filter>
    </ClCompile>
    <ClCompile Include="TreeControlCustomDraw.cpp">
      <Filter>UI\Controls</Filter>
    </ClCompile>
    <ClCompile Include="AboutBox.cpp">
      <Filter>UI\Dialogs</Filter>
    </ClCompile>
    <ClCompile Include="ItemListDialog.cpp">
      <Filter>UI\Dialogs</Filter>
    </ClCompile>
    <ClCompile Include="PasswordDialog.cpp">
      <Filter>UI\Dialogs</Filter>
    </ClCompile>
    <ClCompile Include="PopupDlgBase.cpp">
      <Filter>UI\Dialogs</Filter>
    </ClCompile>
    <ClCompile Include="ProgressDialog.cpp">
      <Filter>UI\Dialogs</Filter>
    </ClCompile>
    <ClCompile Include="AnimatedFrameComposer.cpp">
      <Filter>UI\DirectX</Filter>
    </ClCompile>
    <ClCompile Include="Direct2D.cpp">
      <Filter>UI\DirectX</Filter>
    </ClCompile>
    <ClCompile Include="DirectWrite.cpp">
      <Filter>UI\DirectX</Filter>
    </ClCompile>
    <ClCompile Include="ImageInfoGadget.cpp">
      <Filter>UI\DirectX</Filter>
    </ClCompile>
    <ClCompile Include="ImageZoomViewD2D.cpp">
      <Filter>UI\DirectX</Filter>
    </ClCompile>
    <ClCompile Include="ImagingDirect2D.cpp">
      <Filter>UI\DirectX</Filter>
    </ClCompile>
    <ClCompile Include="RenderingDirect2D.cpp">
      <Filter>UI\DirectX</Filter>
    </ClCompile>
    <ClCompile Include="Clipboard.cpp">
      <Filter>UI\Drag and Drop %28OLE%29</Filter>
    </ClCompile>
    <ClCompile Include="OleDataSource.cpp">
      <Filter>UI\Drag and Drop %28OLE%29</Filter>
    </ClCompile>
    <ClCompile Include="OleDragDrop_fwd.cpp">
      <Filter>UI\Drag and Drop %28OLE%29</Filter>
    </ClCompile>
    <ClCompile Include="OleDropSource.cpp">
      <Filter>UI\Drag and Drop %28OLE%29</Filter>
    </ClCompile>
    <ClCompile Include="OleDropTarget.cpp">
      <Filter>UI\Drag and Drop %28OLE%29</Filter>
    </ClCompile>
    <ClCompile Include="OleUtils.cpp">
      <Filter>UI\Drag and Drop %28OLE%29</Filter>
    </ClCompile>
    <ClCompile Include="CustomDrawImager.cpp">
      <Filter>UI\Imaging</Filter>
    </ClCompile>
    <ClCompile Include="DibDraw.cpp">
      <Filter>UI\Imaging</Filter>
    </ClCompile>
    <ClCompile Include="DibPixels.cpp">
      <Filter>UI\Imaging</Filter>
    </ClCompile>
    <ClCompile Include="DibSection.cpp">
      <Filter>UI\Imaging</Filter>
    </ClCompile>
    <ClCompile Include="Icon.cpp">
      <Filter>UI\Imaging</Filter>
    </ClCompile>
    <ClCompile Include="Image_fwd.cpp">
      <Filter>UI\Imaging</Filter>
    </ClCompile>
    <ClCompile Include="ImageProxy.cpp">
      <Filter>UI\Imaging</Filter>
    </ClCompile>
    <ClCompile Include="ImageStore.cpp">
      <Filter>UI\Imaging</Filter>
    </ClCompile>
    <ClCompile Include="Imaging.cpp">
      <Filter>UI\Imaging</Filter>
    </ClCompile>
    <ClCompile Include="ImagingGdiPlus.cpp">
      <Filter>UI\Imaging</Filter>
    </ClCompile>
    <ClCompile Include="ImagingWic.cpp">
      <Filter>UI\Imaging</Filter>
    </ClCompile>
    <ClCompile Include="Thumbnailer.cpp">
      <Filter>UI\Imaging</Filter>
    </ClCompile>
    <ClCompile Include="ToolImageList.cpp">
      <Filter>UI\Imaging</Filter>
    </ClCompile>
    <ClCompile Include="WicAnimatedImage.cpp">
      <Filter>UI\Imaging</Filter>
    </ClCompile>
    <ClCompile Include="WicDibSection.cpp">
      <Filter>UI\Imaging</Filter>
    </ClCompile>
    <ClCompile Include="WicImage.cpp">
      <Filter>UI\Imaging</Filter>
    </ClCompile>
    <ClCompile Include="WicImageCache.cpp">
      <Filter>UI\Imaging</Filter>
    </ClCompile>
    <ClCompile Include="BaseMainDialog.cpp">
      <Filter>UI\Layout</Filter>
    </ClCompile>
    <ClCompile Include="LayoutBasePropertySheet.cpp">
      <Filter>UI\Layout</Filter>
    </ClCompile>
    <ClCompile Include="LayoutChildPropertySheet.cpp">
      <Filter>UI\Layout</Filter>
    </ClCompile>
    <ClCompile Include="LayoutDialog.cpp">
      <Filter>UI\Layout</Filter>
    </ClCompile>
    <ClCompile Include="LayoutEngine.cpp">
      <Filter>UI\Layout</Filter>
    </ClCompile>
    <ClCompile Include="LayoutFormView.cpp">
      <Filter>UI\Layout</Filter>
    </ClCompile>
    <ClCompile Include="LayoutMetrics.cpp">
      <Filter>UI\Layout</Filter>
    </ClCompile>
    <ClCompile Include="LayoutPropertyPage.cpp">
      <Filter>UI\Layout</Filter>
    </ClCompile>
    <ClCompile Include="LayoutPropertySheet.cpp">
      <Filter>UI\Layout</Filter>
    </ClCompile>
    <ClCompile Include="RegistryOptions.cpp">
      <Filter>UI\Registry</Filter>
    </ClCompile>
    <ClCompile Include="RegistrySection.cpp">
      <Filter>UI\Registry</Filter>
    </ClCompile>
    <ClCompile Include="ProgressService.cpp">
      <Filter>UI\Service</Filter>
    </ClCompile>
    <ClCompile Include="FilterStore.cpp">
      <Filter>UI\Shell Explorer API</Filter>
    </ClCompile>
    <ClCompile Include="Recycler.cpp">
      <Filter>UI\Shell Explorer API</Filter>
    </ClCompile>
    <ClCompile Include="ShellContextMenuBuilder.cpp">
      <Filter>UI\Shell Explorer API</Filter>
    </ClCompile>
    <ClCompile Include="ShellContextMenuHost.cpp">
      <Filter>UI\Shell Explorer API</Filter>
    </ClCompile>
    <ClCompile Include="ShellDialogs.cpp">
      <Filter>UI\Shell Explorer API</Filter>
    </ClCompile>
    <ClCompile Include="ShellDragImager.cpp">
      <Filter>UI\Shell Explorer API</Filter>
    </ClCompile>
    <ClCompile Include="ShellDropTip.cpp">
      <Filter>UI\Shell Explorer API</Filter>
    </ClCompile>
    <ClCompile Include="ShellFileDialog.cpp">
      <Filter>UI\Shell Explorer API</Filter>
    </ClCompile>
    <ClCompile Include="ShellRegistryAssoc.cpp">
      <Filter>UI\Shell Explorer API</Filter>
    </ClCompile>
    <ClCompile Include="ShellTypes.cpp">
      <Filter>UI\Shell Explorer API</Filter>
    </ClCompile>
    <ClCompile Include="ShellUtilities.cpp">
      <Filter>UI\Shell Explorer API</Filter>
    </ClCompile>
    <ClCompile Include="SystemTray.cpp">
      <Filter>UI\Shell Explorer API</Filter>
    </ClCompile>
    <ClCompile Include="TrayIcon.cpp">
      <Filter>UI\Shell Explorer API</Filter>
    </ClCompile>
    <ClCompile Include="WinExplorer.cpp">
      <Filter>UI\Shell Explorer API</Filter>
    </ClCompile>
    <ClCompile Include="ToolStrip.cpp">
      <Filter>UI</Filter>
    </ClCompile>
    <ClCompile Include="TaskDialog.cpp">
      <Filter>UI\Dialogs</Filter>
    </ClCompile>
    <ClCompile Include="ColorRepository.cpp">
      <Filter>UI</Filter>
    </ClCompile>
    <ClCompile Include="pch.cpp">
      <Filter>Source Files</Filter>
    </ClCompile>
    <ClCompile Include="ColorPopupDialogs.cpp">
      <Filter>UI\Dialogs</Filter>
    </ClCompile>
    <ClCompile Include="test\TestToolWnd.cpp">
      <Filter>Test Utils</Filter>
    </ClCompile>
    <ClCompile Include="test\ResourceTests.cpp">
      <Filter>Tests</Filter>
    </ClCompile>
    <ClCompile Include="ContextMenuMgr.cpp">
      <Filter>UI\MFC+</Filter>
    </ClCompile>
    <ClCompile Include="PopupMenus.cpp">
      <Filter>UI\MFC+</Filter>
    </ClCompile>
    <ClCompile Include="PopupMenus_fwd.cpp">
      <Filter>UI\MFC+</Filter>
    </ClCompile>
    <ClCompile Include="ColorPickerButton.cpp">
      <Filter>UI\Controls\MFC+</Filter>
    </ClCompile>
    <ClCompile Include="MenuPickerButton.cpp">
      <Filter>UI\Controls\MFC+</Filter>
    </ClCompile>
  </ItemGroup>
  <ItemGroup>
    <ResourceCompile Include="utl_ui.rc">
      <Filter>Resource Files</Filter>
    </ResourceCompile>
  </ItemGroup>
  <ItemGroup>
    <Image Include="res\ArrowsDownUpStrip.bmp">
      <Filter>Resource Files</Filter>
    </Image>
    <Image Include="res\ArrowsRightLeftStrip.bmp">
      <Filter>Resource Files</Filter>
    </Image>
    <Image Include="res\StripListEditor.bmp">
      <Filter>Resource Files</Filter>
    </Image>
    <Image Include="res\StripListEditor.png">
      <Filter>Resource Files</Filter>
    </Image>
    <Image Include="res\StripStdButtons.bmp">
      <Filter>Resource Files</Filter>
    </Image>
    <Image Include="res\StripStdButtons.png">
      <Filter>Resource Files</Filter>
    </Image>
    <Image Include="res\Transparent.ico">
      <Filter>Resource Files</Filter>
    </Image>
    <Image Include="res\Unknown.ico">
      <Filter>Resource Files</Filter>
    </Image>
    <Image Include="res\StripStdStatus.bmp">
      <Filter>Resource Files</Filter>
    </Image>
    <Image Include="res\StripStdStatus.png">
      <Filter>Resource Files</Filter>
    </Image>
  </ItemGroup>
  <ItemGroup>
    <None Include="res\DragDrop-Copy.cur">
      <Filter>Resource Files</Filter>
    </None>
    <None Include="res\DragDrop-Move.cur">
      <Filter>Resource Files</Filter>
    </None>
    <None Include="res\DragDrop-None.cur">
      <Filter>Resource Files</Filter>
    </None>
    <None Include="res\ResizeSplitter-NS.cur">
      <Filter>Resource Files</Filter>
    </None>
    <None Include="res\ResizeSplitter-WE.cur">
      <Filter>Resource Files</Filter>
    </None>
    <None Include="res\Scrollable.cur">
      <Filter>Resource Files</Filter>
    </None>
    <None Include="res\ScrollDrag.cur">
      <Filter>Resource Files</Filter>
    </None>
    <None Include="res\TrackScroll.cur">
      <Filter>Resource Files</Filter>
    </None>
    <None Include="res\TrackZoom.cur">
      <Filter>Resource Files</Filter>
    </None>
  </ItemGroup>
</Project>