
Microsoft Visual Studio Solution File, Format Version 10.00
# Visual Studio 2008
Project("{8BC9CEB8-8B4A-11D0-8D11-00A0C91BC942}") = "DateTimeDisplay", "DateTimeDisplay_vc9.vcproj", "{574DC935-C558-49A3-BA91-F8FF107D1A1E}"
	ProjectSection(ProjectDependencies) = postProject
		{41170314-6427-4CBA-B589-0EF552648693} = {41170314-6427-4CBA-B589-0EF552648693}
	EndProjectSection
EndProject
Project("{8BC9CEB8-8B4A-11D0-8D11-00A0C91BC942}") = "utl_ui", "..\CommonUtl\utl\utl_ui_vc9.vcproj", "{41170314-6427-4CBA-B589-0EF552648693}"
EndProject
Global
	GlobalSection(SolutionConfigurationPlatforms) = preSolution
		DebugU|Win32 = DebugU|Win32
		DebugU|x64 = DebugU|x64
		ReleaseU|Win32 = ReleaseU|Win32
		ReleaseU|x64 = ReleaseU|x64
	EndGlobalSection
	GlobalSection(ProjectConfigurationPlatforms) = postSolution
		{574DC935-C558-49A3-BA91-F8FF107D1A1E}.DebugU|Win32.ActiveCfg = DebugU|Win32
		{574DC935-C558-49A3-BA91-F8FF107D1A1E}.DebugU|Win32.Build.0 = DebugU|Win32
		{574DC935-C558-49A3-BA91-F8FF107D1A1E}.DebugU|x64.ActiveCfg = DebugU|Win32
		{574DC935-C558-49A3-BA91-F8FF107D1A1E}.ReleaseU|Win32.ActiveCfg = ReleaseU|Win32
		{574DC935-C558-49A3-BA91-F8FF107D1A1E}.ReleaseU|Win32.Build.0 = ReleaseU|Win32
		{574DC935-C558-49A3-BA91-F8FF107D1A1E}.ReleaseU|x64.ActiveCfg = ReleaseU|Win32
		{41170314-6427-4CBA-B589-0EF552648693}.DebugU|Win32.ActiveCfg = DebugU|Win32
		{41170314-6427-4CBA-B589-0EF552648693}.DebugU|Win32.Build.0 = DebugU|Win32
		{41170314-6427-4CBA-B589-0EF552648693}.DebugU|x64.ActiveCfg = DebugU|x64
		{41170314-6427-4CBA-B589-0EF552648693}.DebugU|x64.Build.0 = DebugU|x64
		{41170314-6427-4CBA-B589-0EF552648693}.ReleaseU|Win32.ActiveCfg = ReleaseU|Win32
		{41170314-6427-4CBA-B589-0EF552648693}.ReleaseU|Win32.Build.0 = ReleaseU|Win32
		{41170314-6427-4CBA-B589-0EF552648693}.ReleaseU|x64.ActiveCfg = ReleaseU|x64
		{41170314-6427-4CBA-B589-0EF552648693}.ReleaseU|x64.Build.0 = ReleaseU|x64
	EndGlobalSection
	GlobalSection(SolutionProperties) = preSolution
		HideSolutionNode = FALSE
	EndGlobalSection
EndGlobal
