
Microsoft Visual Studio Solution File, Format Version 10.00
# Visual Studio 2008
Project("{8BC9CEB8-8B4A-11D0-8D11-00A0C91BC942}") = "TransferFiles", "TransferFiles.vcproj", "{60F0F8FB-DFCE-4931-9403-2F17F333765C}"
	ProjectSection(ProjectDependencies) = postProject
		{8B2AA3E4-1B23-48B6-AD2B-838FF7A5D89C} = {8B2AA3E4-1B23-48B6-AD2B-838FF7A5D89C}
	EndProjectSection
EndProject
Project("{8BC9CEB8-8B4A-11D0-8D11-00A0C91BC942}") = "UTL_BASE", "..\..\CommonUtl\utl\UTL_BASE_vc9.vcproj", "{8B2AA3E4-1B23-48B6-AD2B-838FF7A5D89C}"
EndProject
Global
	GlobalSection(SolutionConfigurationPlatforms) = preSolution
		DebugU|Win32 = DebugU|Win32
		DebugU|x64 = DebugU|x64
		ReleaseU|Win32 = ReleaseU|Win32
		ReleaseU|x64 = ReleaseU|x64
	EndGlobalSection
	GlobalSection(ProjectConfigurationPlatforms) = postSolution
		{60F0F8FB-DFCE-4931-9403-2F17F333765C}.DebugU|Win32.ActiveCfg = DebugU|Win32
		{60F0F8FB-DFCE-4931-9403-2F17F333765C}.DebugU|Win32.Build.0 = DebugU|Win32
		{60F0F8FB-DFCE-4931-9403-2F17F333765C}.DebugU|x64.ActiveCfg = DebugU|Win32
		{60F0F8FB-DFCE-4931-9403-2F17F333765C}.ReleaseU|Win32.ActiveCfg = ReleaseU|Win32
		{60F0F8FB-DFCE-4931-9403-2F17F333765C}.ReleaseU|Win32.Build.0 = ReleaseU|Win32
		{60F0F8FB-DFCE-4931-9403-2F17F333765C}.ReleaseU|x64.ActiveCfg = ReleaseU|Win32
		{8B2AA3E4-1B23-48B6-AD2B-838FF7A5D89C}.DebugU|Win32.ActiveCfg = DebugU|Win32
		{8B2AA3E4-1B23-48B6-AD2B-838FF7A5D89C}.DebugU|Win32.Build.0 = DebugU|Win32
		{8B2AA3E4-1B23-48B6-AD2B-838FF7A5D89C}.DebugU|x64.ActiveCfg = DebugU|x64
		{8B2AA3E4-1B23-48B6-AD2B-838FF7A5D89C}.DebugU|x64.Build.0 = DebugU|x64
		{8B2AA3E4-1B23-48B6-AD2B-838FF7A5D89C}.ReleaseU|Win32.ActiveCfg = ReleaseU|Win32
		{8B2AA3E4-1B23-48B6-AD2B-838FF7A5D89C}.ReleaseU|Win32.Build.0 = ReleaseU|Win32
		{8B2AA3E4-1B23-48B6-AD2B-838FF7A5D89C}.ReleaseU|x64.ActiveCfg = ReleaseU|x64
		{8B2AA3E4-1B23-48B6-AD2B-838FF7A5D89C}.ReleaseU|x64.Build.0 = ReleaseU|x64
	EndGlobalSection
	GlobalSection(SolutionProperties) = preSolution
		HideSolutionNode = FALSE
	EndGlobalSection
EndGlobal
